// !$*UTF8*$!
{
	archiveVersion = 1;
	classes = {
	};
	objectVersion = 46;
	objects = {

/* Begin PBXBuildFile section */
		299831901CA25D5F0056062E /* libTokenization.dylib in Frameworks */ = {isa = PBXBuildFile; fileRef = "_____Product_Tokenization" /* libTokenization.dylib */; };
		299831911CA25D5F0056062E /* libLanguageModeling.dylib in Frameworks */ = {isa = PBXBuildFile; fileRef = "_____Product_LanguageModeling" /* libLanguageModeling.dylib */; };
		299831921CA25D5F0056062E /* libTokenization.dylib in Frameworks */ = {isa = PBXBuildFile; fileRef = "_____Product_Tokenization" /* libTokenization.dylib */; };
		299831931CA25D5F0056062E /* libLanguageModeling.dylib in Frameworks */ = {isa = PBXBuildFile; fileRef = "_____Product_LanguageModeling" /* libLanguageModeling.dylib */; };
		299831941CA25D5F0056062E /* libTokenization.dylib in Frameworks */ = {isa = PBXBuildFile; fileRef = "_____Product_Tokenization" /* libTokenization.dylib */; };
		299831951CA25D5F0056062E /* libTokenization.dylib in Frameworks */ = {isa = PBXBuildFile; fileRef = "_____Product_Tokenization" /* libTokenization.dylib */; };
		2998319C1CA264F30056062E /* Aligner.swift in Sources */ = {isa = PBXBuildFile; fileRef = 2998319B1CA264F30056062E /* Aligner.swift */; };
		_LinkFileRef_Alignment /* libAlignment.dylib in Frameworks */ = {isa = PBXBuildFile; fileRef = "_____Product_Alignment" /* libAlignment.dylib */; };
		_LinkFileRef_Classification /* libClassification.dylib in Frameworks */ = {isa = PBXBuildFile; fileRef = "_____Product_Classification" /* libClassification.dylib */; };
		_LinkFileRef_LanguageModeling /* libLanguageModeling.dylib in Frameworks */ = {isa = PBXBuildFile; fileRef = "_____Product_LanguageModeling" /* libLanguageModeling.dylib */; };
		_LinkFileRef_SequenceLabeling /* libSequenceLabeling.dylib in Frameworks */ = {isa = PBXBuildFile; fileRef = "_____Product_SequenceLabeling" /* libSequenceLabeling.dylib */; };
		_LinkFileRef_Tokenization /* libTokenization.dylib in Frameworks */ = {isa = PBXBuildFile; fileRef = "_____Product_Tokenization" /* libTokenization.dylib */; };
		__src_cc_ref_Sources/Alignment/IBMModel1.swift /* IBMModel1.swift in Sources */ = {isa = PBXBuildFile; fileRef = __PBXFileRef_Sources/Alignment/IBMModel1.swift /* IBMModel1.swift */; };
		__src_cc_ref_Sources/Alignment/IBMModel2.swift /* IBMModel2.swift in Sources */ = {isa = PBXBuildFile; fileRef = __PBXFileRef_Sources/Alignment/IBMModel2.swift /* IBMModel2.swift */; };
		__src_cc_ref_Sources/Classification/Classifier.swift /* Classifier.swift in Sources */ = {isa = PBXBuildFile; fileRef = __PBXFileRef_Sources/Classification/Classifier.swift /* Classifier.swift */; };
		__src_cc_ref_Sources/Classification/NaiveBayes.swift /* NaiveBayes.swift in Sources */ = {isa = PBXBuildFile; fileRef = __PBXFileRef_Sources/Classification/NaiveBayes.swift /* NaiveBayes.swift */; };
		__src_cc_ref_Sources/LanguageModeling/LanguageModel.swift /* LanguageModel.swift in Sources */ = {isa = PBXBuildFile; fileRef = __PBXFileRef_Sources/LanguageModeling/LanguageModel.swift /* LanguageModel.swift */; };
		__src_cc_ref_Sources/LanguageModeling/NgramModel.swift /* NgramModel.swift in Sources */ = {isa = PBXBuildFile; fileRef = __PBXFileRef_Sources/LanguageModeling/NgramModel.swift /* NgramModel.swift */; };
		__src_cc_ref_Sources/LanguageModeling/Ngrams.swift /* Ngrams.swift in Sources */ = {isa = PBXBuildFile; fileRef = __PBXFileRef_Sources/LanguageModeling/Ngrams.swift /* Ngrams.swift */; };
		__src_cc_ref_Sources/SequenceLabeling/HiddenMarkovModel.swift /* HiddenMarkovModel.swift in Sources */ = {isa = PBXBuildFile; fileRef = __PBXFileRef_Sources/SequenceLabeling/HiddenMarkovModel.swift /* HiddenMarkovModel.swift */; };
		__src_cc_ref_Sources/SequenceLabeling/SequenceLabeler.swift /* SequenceLabeler.swift in Sources */ = {isa = PBXBuildFile; fileRef = __PBXFileRef_Sources/SequenceLabeling/SequenceLabeler.swift /* SequenceLabeler.swift */; };
		__src_cc_ref_Sources/Tokenization/Tokenizer.swift /* Tokenizer.swift in Sources */ = {isa = PBXBuildFile; fileRef = __PBXFileRef_Sources/Tokenization/Tokenizer.swift /* Tokenizer.swift */; };
		__src_cc_ref_Tests/Alignment/AlignmentTests.swift /* AlignmentTests.swift in Sources */ = {isa = PBXBuildFile; fileRef = __PBXFileRef_Tests/Alignment/AlignmentTests.swift /* AlignmentTests.swift */; };
		__src_cc_ref_Tests/Classification/ClassificationTests.swift /* NaiveBayesTests.swift in Sources */ = {isa = PBXBuildFile; fileRef = __PBXFileRef_Tests/Classification/ClassificationTests.swift /* NaiveBayesTests.swift */; };
		__src_cc_ref_Tests/LanguageModeling/LanguageModelingTests.swift /* LanguageModelingTests.swift in Sources */ = {isa = PBXBuildFile; fileRef = __PBXFileRef_Tests/LanguageModeling/LanguageModelingTests.swift /* LanguageModelingTests.swift */; };
		__src_cc_ref_Tests/SequenceLabeling/SequenceLabelingTests.swift /* SequenceLabelingTests.swift in Sources */ = {isa = PBXBuildFile; fileRef = __PBXFileRef_Tests/SequenceLabeling/SequenceLabelingTests.swift /* SequenceLabelingTests.swift */; };
		__src_cc_ref_Tests/Tokenization/TokenizationTests.swift /* TokenizationTests.swift in Sources */ = {isa = PBXBuildFile; fileRef = __PBXFileRef_Tests/Tokenization/TokenizationTests.swift /* TokenizationTests.swift */; };
/* End PBXBuildFile section */

/* Begin PBXContainerItemProxy section */
		299831961CA25D5F0056062E /* PBXContainerItemProxy */ = {
			isa = PBXContainerItemProxy;
			containerPortal = __RootObject_ /* Project object */;
			proxyType = 1;
			remoteGlobalIDString = "______Target_LanguageModeling";
			remoteInfo = LanguageModeling;
		};
		299831971CA25D5F0056062E /* PBXContainerItemProxy */ = {
			isa = PBXContainerItemProxy;
			containerPortal = __RootObject_ /* Project object */;
			proxyType = 1;
			remoteGlobalIDString = "______Target_Tokenization";
			remoteInfo = Tokenization;
		};
		299831981CA25D5F0056062E /* PBXContainerItemProxy */ = {
			isa = PBXContainerItemProxy;
			containerPortal = __RootObject_ /* Project object */;
			proxyType = 1;
			remoteGlobalIDString = "______Target_Alignment";
			remoteInfo = Alignment;
		};
		299831991CA25D5F0056062E /* PBXContainerItemProxy */ = {
			isa = PBXContainerItemProxy;
			containerPortal = __RootObject_ /* Project object */;
			proxyType = 1;
			remoteGlobalIDString = "______Target_Classification";
			remoteInfo = Classification;
		};
		2998319A1CA25D5F0056062E /* PBXContainerItemProxy */ = {
			isa = PBXContainerItemProxy;
			containerPortal = __RootObject_ /* Project object */;
			proxyType = 1;
			remoteGlobalIDString = "______Target_SequenceLabeling";
			remoteInfo = SequenceLabeling;
		};
/* End PBXContainerItemProxy section */

/* Begin PBXFileReference section */
		2998319B1CA264F30056062E /* Aligner.swift */ = {isa = PBXFileReference; fileEncoding = 4; lastKnownFileType = sourcecode.swift; path = Aligner.swift; sourceTree = "<group>"; };
		__PBXFileRef_Sources/Alignment/IBMModel1.swift /* IBMModel1.swift */ = {isa = PBXFileReference; lastKnownFileType = sourcecode.swift; path = IBMModel1.swift; sourceTree = "<group>"; };
		__PBXFileRef_Sources/Alignment/IBMModel2.swift /* IBMModel2.swift */ = {isa = PBXFileReference; lastKnownFileType = sourcecode.swift; path = IBMModel2.swift; sourceTree = "<group>"; };
		__PBXFileRef_Sources/Classification/Classifier.swift /* Classifier.swift */ = {isa = PBXFileReference; lastKnownFileType = sourcecode.swift; path = Classifier.swift; sourceTree = "<group>"; };
		__PBXFileRef_Sources/Classification/NaiveBayes.swift /* NaiveBayes.swift */ = {isa = PBXFileReference; lastKnownFileType = sourcecode.swift; path = NaiveBayes.swift; sourceTree = "<group>"; };
		__PBXFileRef_Sources/LanguageModeling/LanguageModel.swift /* LanguageModel.swift */ = {isa = PBXFileReference; lastKnownFileType = sourcecode.swift; path = LanguageModel.swift; sourceTree = "<group>"; };
		__PBXFileRef_Sources/LanguageModeling/NgramModel.swift /* NgramModel.swift */ = {isa = PBXFileReference; lastKnownFileType = sourcecode.swift; path = NgramModel.swift; sourceTree = "<group>"; };
		__PBXFileRef_Sources/LanguageModeling/Ngrams.swift /* Ngrams.swift */ = {isa = PBXFileReference; lastKnownFileType = sourcecode.swift; path = Ngrams.swift; sourceTree = "<group>"; };
		__PBXFileRef_Sources/SequenceLabeling/HiddenMarkovModel.swift /* HiddenMarkovModel.swift */ = {isa = PBXFileReference; lastKnownFileType = sourcecode.swift; path = HiddenMarkovModel.swift; sourceTree = "<group>"; };
		__PBXFileRef_Sources/SequenceLabeling/SequenceLabeler.swift /* SequenceLabeler.swift */ = {isa = PBXFileReference; lastKnownFileType = sourcecode.swift; path = SequenceLabeler.swift; sourceTree = "<group>"; };
		__PBXFileRef_Sources/Tokenization/Tokenizer.swift /* Tokenizer.swift */ = {isa = PBXFileReference; lastKnownFileType = sourcecode.swift; path = Tokenizer.swift; sourceTree = "<group>"; };
		__PBXFileRef_Tests/Alignment/AlignmentTests.swift /* AlignmentTests.swift */ = {isa = PBXFileReference; lastKnownFileType = sourcecode.swift; path = AlignmentTests.swift; sourceTree = "<group>"; };
		__PBXFileRef_Tests/Classification/ClassificationTests.swift /* NaiveBayesTests.swift */ = {isa = PBXFileReference; lastKnownFileType = sourcecode.swift; path = NaiveBayesTests.swift; sourceTree = "<group>"; };
		__PBXFileRef_Tests/LanguageModeling/LanguageModelingTests.swift /* LanguageModelingTests.swift */ = {isa = PBXFileReference; lastKnownFileType = sourcecode.swift; path = LanguageModelingTests.swift; sourceTree = "<group>"; };
		__PBXFileRef_Tests/SequenceLabeling/SequenceLabelingTests.swift /* SequenceLabelingTests.swift */ = {isa = PBXFileReference; lastKnownFileType = sourcecode.swift; path = SequenceLabelingTests.swift; sourceTree = "<group>"; };
		__PBXFileRef_Tests/Tokenization/TokenizationTests.swift /* TokenizationTests.swift */ = {isa = PBXFileReference; lastKnownFileType = sourcecode.swift; path = TokenizationTests.swift; sourceTree = "<group>"; };
		"_____Product_Alignment" /* libAlignment.dylib */ = {isa = PBXFileReference; explicitFileType = "compiled.mach-o.dylib"; path = libAlignment.dylib; sourceTree = BUILT_PRODUCTS_DIR; };
		"_____Product_AlignmentTestSuite" /* Alignment.testsuite.xctest */ = {isa = PBXFileReference; explicitFileType = wrapper.cfbundle; path = Alignment.testsuite.xctest; sourceTree = BUILT_PRODUCTS_DIR; };
		"_____Product_Classification" /* libClassification.dylib */ = {isa = PBXFileReference; explicitFileType = "compiled.mach-o.dylib"; path = libClassification.dylib; sourceTree = BUILT_PRODUCTS_DIR; };
		"_____Product_ClassificationTestSuite" /* Classification.testsuite.xctest */ = {isa = PBXFileReference; explicitFileType = wrapper.cfbundle; path = Classification.testsuite.xctest; sourceTree = BUILT_PRODUCTS_DIR; };
		"_____Product_LanguageModeling" /* libLanguageModeling.dylib */ = {isa = PBXFileReference; explicitFileType = "compiled.mach-o.dylib"; path = libLanguageModeling.dylib; sourceTree = BUILT_PRODUCTS_DIR; };
		"_____Product_LanguageModelingTestSuite" /* LanguageModeling.testsuite.xctest */ = {isa = PBXFileReference; explicitFileType = wrapper.cfbundle; path = LanguageModeling.testsuite.xctest; sourceTree = BUILT_PRODUCTS_DIR; };
		"_____Product_SequenceLabeling" /* libSequenceLabeling.dylib */ = {isa = PBXFileReference; explicitFileType = "compiled.mach-o.dylib"; path = libSequenceLabeling.dylib; sourceTree = BUILT_PRODUCTS_DIR; };
		"_____Product_SequenceLabelingTestSuite" /* SequenceLabeling.testsuite.xctest */ = {isa = PBXFileReference; explicitFileType = wrapper.cfbundle; path = SequenceLabeling.testsuite.xctest; sourceTree = BUILT_PRODUCTS_DIR; };
		"_____Product_Tokenization" /* libTokenization.dylib */ = {isa = PBXFileReference; explicitFileType = "compiled.mach-o.dylib"; path = libTokenization.dylib; sourceTree = BUILT_PRODUCTS_DIR; };
		"_____Product_TokenizationTestSuite" /* Tokenization.testsuite.xctest */ = {isa = PBXFileReference; explicitFileType = wrapper.cfbundle; path = Tokenization.testsuite.xctest; sourceTree = BUILT_PRODUCTS_DIR; };
/* End PBXFileReference section */

/* Begin PBXFrameworksBuildPhase section */
		"___LinkPhase_Alignment" /* Frameworks */ = {
			isa = PBXFrameworksBuildPhase;
			buildActionMask = 0;
			files = (
			);
			runOnlyForDeploymentPostprocessing = 0;
		};
		"___LinkPhase_AlignmentTestSuite" /* Frameworks */ = {
			isa = PBXFrameworksBuildPhase;
			buildActionMask = 0;
			files = (
				_LinkFileRef_Alignment /* libAlignment.dylib in Frameworks */,
			);
			runOnlyForDeploymentPostprocessing = 0;
		};
		"___LinkPhase_Classification" /* Frameworks */ = {
			isa = PBXFrameworksBuildPhase;
			buildActionMask = 0;
			files = (
				_LinkFileRef_LanguageModeling /* libLanguageModeling.dylib in Frameworks */,
				299831901CA25D5F0056062E /* libTokenization.dylib in Frameworks */,
			);
			runOnlyForDeploymentPostprocessing = 0;
		};
		"___LinkPhase_ClassificationTestSuite" /* Frameworks */ = {
			isa = PBXFrameworksBuildPhase;
			buildActionMask = 0;
			files = (
				_LinkFileRef_Classification /* libClassification.dylib in Frameworks */,
				299831911CA25D5F0056062E /* libLanguageModeling.dylib in Frameworks */,
				299831921CA25D5F0056062E /* libTokenization.dylib in Frameworks */,
			);
			runOnlyForDeploymentPostprocessing = 0;
		};
		"___LinkPhase_LanguageModeling" /* Frameworks */ = {
			isa = PBXFrameworksBuildPhase;
			buildActionMask = 0;
			files = (
				_LinkFileRef_Tokenization /* libTokenization.dylib in Frameworks */,
			);
			runOnlyForDeploymentPostprocessing = 0;
		};
		"___LinkPhase_LanguageModelingTestSuite" /* Frameworks */ = {
			isa = PBXFrameworksBuildPhase;
			buildActionMask = 0;
			files = (
				299831931CA25D5F0056062E /* libLanguageModeling.dylib in Frameworks */,
				299831941CA25D5F0056062E /* libTokenization.dylib in Frameworks */,
			);
			runOnlyForDeploymentPostprocessing = 0;
		};
		"___LinkPhase_SequenceLabeling" /* Frameworks */ = {
			isa = PBXFrameworksBuildPhase;
			buildActionMask = 0;
			files = (
			);
			runOnlyForDeploymentPostprocessing = 0;
		};
		"___LinkPhase_SequenceLabelingTestSuite" /* Frameworks */ = {
			isa = PBXFrameworksBuildPhase;
			buildActionMask = 0;
			files = (
				_LinkFileRef_SequenceLabeling /* libSequenceLabeling.dylib in Frameworks */,
			);
			runOnlyForDeploymentPostprocessing = 0;
		};
		"___LinkPhase_Tokenization" /* Frameworks */ = {
			isa = PBXFrameworksBuildPhase;
			buildActionMask = 0;
			files = (
			);
			runOnlyForDeploymentPostprocessing = 0;
		};
		"___LinkPhase_TokenizationTestSuite" /* Frameworks */ = {
			isa = PBXFrameworksBuildPhase;
			buildActionMask = 0;
			files = (
				299831951CA25D5F0056062E /* libTokenization.dylib in Frameworks */,
			);
			runOnlyForDeploymentPostprocessing = 0;
		};
/* End PBXFrameworksBuildPhase section */

/* Begin PBXGroup section */
		TestProducts_ /* Tests */ = {
			isa = PBXGroup;
			children = (
				"_____Product_AlignmentTestSuite" /* Alignment.testsuite.xctest */,
				"_____Product_ClassificationTestSuite" /* Classification.testsuite.xctest */,
				"_____Product_LanguageModelingTestSuite" /* LanguageModeling.testsuite.xctest */,
				"_____Product_SequenceLabelingTestSuite" /* SequenceLabeling.testsuite.xctest */,
				"_____Product_TokenizationTestSuite" /* Tokenization.testsuite.xctest */,
			);
			name = Tests;
			sourceTree = "<group>";
		};
		"___RootGroup_" = {
			isa = PBXGroup;
			children = (
				"_____Sources_" /* Sources */,
				"_______Tests_" /* Tests */,
				"____Products_" /* Products */,
			);
			sourceTree = "<group>";
		};
		"____Products_" /* Products */ = {
			isa = PBXGroup;
			children = (
				TestProducts_ /* Tests */,
				"_____Product_Alignment" /* libAlignment.dylib */,
				"_____Product_Classification" /* libClassification.dylib */,
				"_____Product_LanguageModeling" /* libLanguageModeling.dylib */,
				"_____Product_SequenceLabeling" /* libSequenceLabeling.dylib */,
				"_____Product_Tokenization" /* libTokenization.dylib */,
			);
			name = Products;
			sourceTree = "<group>";
		};
		"_____Sources_" /* Sources */ = {
			isa = PBXGroup;
			children = (
				"_______Group_Alignment" /* Alignment */,
				"_______Group_Classification" /* Classification */,
				"_______Group_LanguageModeling" /* LanguageModeling */,
				"_______Group_SequenceLabeling" /* SequenceLabeling */,
				"_______Group_Tokenization" /* Tokenization */,
			);
			name = Sources;
			sourceTree = "<group>";
		};
		"_______Group_Alignment" /* Alignment */ = {
			isa = PBXGroup;
			children = (
				__PBXFileRef_Sources/Alignment/IBMModel1.swift /* IBMModel1.swift */,
				__PBXFileRef_Sources/Alignment/IBMModel2.swift /* IBMModel2.swift */,
				2998319B1CA264F30056062E /* Aligner.swift */,
			);
			name = Alignment;
			path = Sources/Alignment;
			sourceTree = "<group>";
		};
		"_______Group_AlignmentTestSuite" /* Alignment.testsuite */ = {
			isa = PBXGroup;
			children = (
				__PBXFileRef_Tests/Alignment/AlignmentTests.swift /* AlignmentTests.swift */,
			);
			name = Alignment.testsuite;
			path = Tests/Alignment;
			sourceTree = "<group>";
		};
		"_______Group_Classification" /* Classification */ = {
			isa = PBXGroup;
			children = (
				__PBXFileRef_Sources/Classification/Classifier.swift /* Classifier.swift */,
				__PBXFileRef_Sources/Classification/NaiveBayes.swift /* NaiveBayes.swift */,
			);
			name = Classification;
			path = Sources/Classification;
			sourceTree = "<group>";
		};
		"_______Group_ClassificationTestSuite" /* Classification.testsuite */ = {
			isa = PBXGroup;
			children = (
				__PBXFileRef_Tests/Classification/ClassificationTests.swift /* NaiveBayesTests.swift */,
			);
			name = Classification.testsuite;
			path = Tests/Classification;
			sourceTree = "<group>";
		};
		"_______Group_LanguageModeling" /* LanguageModeling */ = {
			isa = PBXGroup;
			children = (
				__PBXFileRef_Sources/LanguageModeling/LanguageModel.swift /* LanguageModel.swift */,
				__PBXFileRef_Sources/LanguageModeling/NgramModel.swift /* NgramModel.swift */,
				__PBXFileRef_Sources/LanguageModeling/Ngrams.swift /* Ngrams.swift */,
			);
			name = LanguageModeling;
			path = Sources/LanguageModeling;
			sourceTree = "<group>";
		};
		"_______Group_LanguageModelingTestSuite" /* LanguageModeling.testsuite */ = {
			isa = PBXGroup;
			children = (
				__PBXFileRef_Tests/LanguageModeling/LanguageModelingTests.swift /* LanguageModelingTests.swift */,
			);
			name = LanguageModeling.testsuite;
			path = Tests/LanguageModeling;
			sourceTree = "<group>";
		};
		"_______Group_SequenceLabeling" /* SequenceLabeling */ = {
			isa = PBXGroup;
			children = (
				__PBXFileRef_Sources/SequenceLabeling/HiddenMarkovModel.swift /* HiddenMarkovModel.swift */,
				__PBXFileRef_Sources/SequenceLabeling/SequenceLabeler.swift /* SequenceLabeler.swift */,
			);
			name = SequenceLabeling;
			path = Sources/SequenceLabeling;
			sourceTree = "<group>";
		};
		"_______Group_SequenceLabelingTestSuite" /* SequenceLabeling.testsuite */ = {
			isa = PBXGroup;
			children = (
				__PBXFileRef_Tests/SequenceLabeling/SequenceLabelingTests.swift /* SequenceLabelingTests.swift */,
			);
			name = SequenceLabeling.testsuite;
			path = Tests/SequenceLabeling;
			sourceTree = "<group>";
		};
		"_______Group_Tokenization" /* Tokenization */ = {
			isa = PBXGroup;
			children = (
				__PBXFileRef_Sources/Tokenization/Tokenizer.swift /* Tokenizer.swift */,
			);
			name = Tokenization;
			path = Sources/Tokenization;
			sourceTree = "<group>";
		};
		"_______Group_TokenizationTestSuite" /* Tokenization.testsuite */ = {
			isa = PBXGroup;
			children = (
				__PBXFileRef_Tests/Tokenization/TokenizationTests.swift /* TokenizationTests.swift */,
			);
			name = Tokenization.testsuite;
			path = Tests/Tokenization;
			sourceTree = "<group>";
		};
		"_______Tests_" /* Tests */ = {
			isa = PBXGroup;
			children = (
				"_______Group_AlignmentTestSuite" /* Alignment.testsuite */,
				"_______Group_ClassificationTestSuite" /* Classification.testsuite */,
				"_______Group_LanguageModelingTestSuite" /* LanguageModeling.testsuite */,
				"_______Group_SequenceLabelingTestSuite" /* SequenceLabeling.testsuite */,
				"_______Group_TokenizationTestSuite" /* Tokenization.testsuite */,
			);
			name = Tests;
			sourceTree = "<group>";
		};
/* End PBXGroup section */

/* Begin PBXNativeTarget section */
		"______Target_Alignment" /* Alignment */ = {
			isa = PBXNativeTarget;
			buildConfigurationList = "_______Confs_Alignment" /* Build configuration list for PBXNativeTarget "Alignment" */;
			buildPhases = (
				CompilePhase_Alignment /* Sources */,
				"___LinkPhase_Alignment" /* Frameworks */,
			);
			buildRules = (
			);
			dependencies = (
			);
			name = Alignment;
			productName = Alignment;
			productReference = "_____Product_Alignment" /* libAlignment.dylib */;
			productType = "com.apple.product-type.library.dynamic";
		};
		"______Target_AlignmentTestSuite" /* Alignment.testsuite */ = {
			isa = PBXNativeTarget;
			buildConfigurationList = "_______Confs_AlignmentTestSuite" /* Build configuration list for PBXNativeTarget "Alignment.testsuite" */;
			buildPhases = (
				CompilePhase_AlignmentTestSuite /* Sources */,
				"___LinkPhase_AlignmentTestSuite" /* Frameworks */,
			);
			buildRules = (
			);
			dependencies = (
				__Dependency_Alignment /* PBXTargetDependency */,
			);
			name = Alignment.testsuite;
			productName = AlignmentTestSuite;
			productReference = "_____Product_AlignmentTestSuite" /* Alignment.testsuite.xctest */;
			productType = "com.apple.product-type.bundle.unit-test";
		};
		"______Target_Classification" /* Classification */ = {
			isa = PBXNativeTarget;
			buildConfigurationList = "_______Confs_Classification" /* Build configuration list for PBXNativeTarget "Classification" */;
			buildPhases = (
				CompilePhase_Classification /* Sources */,
				"___LinkPhase_Classification" /* Frameworks */,
			);
			buildRules = (
			);
			dependencies = (
				__Dependency_LanguageModeling /* PBXTargetDependency */,
			);
			name = Classification;
			productName = Classification;
			productReference = "_____Product_Classification" /* libClassification.dylib */;
			productType = "com.apple.product-type.library.dynamic";
		};
		"______Target_ClassificationTestSuite" /* Classification.testsuite */ = {
			isa = PBXNativeTarget;
			buildConfigurationList = "_______Confs_ClassificationTestSuite" /* Build configuration list for PBXNativeTarget "Classification.testsuite" */;
			buildPhases = (
				CompilePhase_ClassificationTestSuite /* Sources */,
				"___LinkPhase_ClassificationTestSuite" /* Frameworks */,
			);
			buildRules = (
			);
			dependencies = (
				__Dependency_Classification /* PBXTargetDependency */,
			);
			name = Classification.testsuite;
			productName = ClassificationTestSuite;
			productReference = "_____Product_ClassificationTestSuite" /* Classification.testsuite.xctest */;
			productType = "com.apple.product-type.bundle.unit-test";
		};
		"______Target_LanguageModeling" /* LanguageModeling */ = {
			isa = PBXNativeTarget;
			buildConfigurationList = "_______Confs_LanguageModeling" /* Build configuration list for PBXNativeTarget "LanguageModeling" */;
			buildPhases = (
				CompilePhase_LanguageModeling /* Sources */,
				"___LinkPhase_LanguageModeling" /* Frameworks */,
			);
			buildRules = (
			);
			dependencies = (
				__Dependency_Tokenization /* PBXTargetDependency */,
			);
			name = LanguageModeling;
			productName = LanguageModeling;
			productReference = "_____Product_LanguageModeling" /* libLanguageModeling.dylib */;
			productType = "com.apple.product-type.library.dynamic";
		};
		"______Target_LanguageModelingTestSuite" /* LanguageModeling.testsuite */ = {
			isa = PBXNativeTarget;
			buildConfigurationList = "_______Confs_LanguageModelingTestSuite" /* Build configuration list for PBXNativeTarget "LanguageModeling.testsuite" */;
			buildPhases = (
				CompilePhase_LanguageModelingTestSuite /* Sources */,
				"___LinkPhase_LanguageModelingTestSuite" /* Frameworks */,
			);
			buildRules = (
			);
			dependencies = (
				__Dependency_LanguageModeling /* PBXTargetDependency */,
			);
			name = LanguageModeling.testsuite;
			productName = LanguageModelingTestSuite;
			productReference = "_____Product_LanguageModelingTestSuite" /* LanguageModeling.testsuite.xctest */;
			productType = "com.apple.product-type.bundle.unit-test";
		};
		"______Target_SequenceLabeling" /* SequenceLabeling */ = {
			isa = PBXNativeTarget;
			buildConfigurationList = "_______Confs_SequenceLabeling" /* Build configuration list for PBXNativeTarget "SequenceLabeling" */;
			buildPhases = (
				CompilePhase_SequenceLabeling /* Sources */,
				"___LinkPhase_SequenceLabeling" /* Frameworks */,
			);
			buildRules = (
			);
			dependencies = (
			);
			name = SequenceLabeling;
			productName = SequenceLabeling;
			productReference = "_____Product_SequenceLabeling" /* libSequenceLabeling.dylib */;
			productType = "com.apple.product-type.library.dynamic";
		};
		"______Target_SequenceLabelingTestSuite" /* SequenceLabeling.testsuite */ = {
			isa = PBXNativeTarget;
			buildConfigurationList = "_______Confs_SequenceLabelingTestSuite" /* Build configuration list for PBXNativeTarget "SequenceLabeling.testsuite" */;
			buildPhases = (
				CompilePhase_SequenceLabelingTestSuite /* Sources */,
				"___LinkPhase_SequenceLabelingTestSuite" /* Frameworks */,
			);
			buildRules = (
			);
			dependencies = (
				__Dependency_SequenceLabeling /* PBXTargetDependency */,
			);
			name = SequenceLabeling.testsuite;
			productName = SequenceLabelingTestSuite;
			productReference = "_____Product_SequenceLabelingTestSuite" /* SequenceLabeling.testsuite.xctest */;
			productType = "com.apple.product-type.bundle.unit-test";
		};
		"______Target_Tokenization" /* Tokenization */ = {
			isa = PBXNativeTarget;
			buildConfigurationList = "_______Confs_Tokenization" /* Build configuration list for PBXNativeTarget "Tokenization" */;
			buildPhases = (
				CompilePhase_Tokenization /* Sources */,
				"___LinkPhase_Tokenization" /* Frameworks */,
			);
			buildRules = (
			);
			dependencies = (
			);
			name = Tokenization;
			productName = Tokenization;
			productReference = "_____Product_Tokenization" /* libTokenization.dylib */;
			productType = "com.apple.product-type.library.dynamic";
		};
		"______Target_TokenizationTestSuite" /* Tokenization.testsuite */ = {
			isa = PBXNativeTarget;
			buildConfigurationList = "_______Confs_TokenizationTestSuite" /* Build configuration list for PBXNativeTarget "Tokenization.testsuite" */;
			buildPhases = (
				CompilePhase_TokenizationTestSuite /* Sources */,
				"___LinkPhase_TokenizationTestSuite" /* Frameworks */,
			);
			buildRules = (
			);
			dependencies = (
				__Dependency_Tokenization /* PBXTargetDependency */,
			);
			name = Tokenization.testsuite;
			productName = TokenizationTestSuite;
			productReference = "_____Product_TokenizationTestSuite" /* Tokenization.testsuite.xctest */;
			productType = "com.apple.product-type.bundle.unit-test";
		};
/* End PBXNativeTarget section */

/* Begin PBXProject section */
		__RootObject_ /* Project object */ = {
			isa = PBXProject;
			attributes = {
				LastUpgradeCheck = 9999;
			};
			buildConfigurationList = "___RootConfs_" /* Build configuration list for PBXProject "LangKit" */;
			compatibilityVersion = "Xcode 3.2";
			developmentRegion = English;
			hasScannedForEncodings = 0;
			knownRegions = (
				en,
			);
			mainGroup = "___RootGroup_";
			productRefGroup = "____Products_" /* Products */;
			projectDirPath = "";
			projectRoot = "";
			targets = (
				"______Target_Alignment" /* Alignment */,
				"______Target_Classification" /* Classification */,
				"______Target_LanguageModeling" /* LanguageModeling */,
				"______Target_SequenceLabeling" /* SequenceLabeling */,
				"______Target_Tokenization" /* Tokenization */,
				"______Target_AlignmentTestSuite" /* Alignment.testsuite */,
				"______Target_ClassificationTestSuite" /* Classification.testsuite */,
				"______Target_LanguageModelingTestSuite" /* LanguageModeling.testsuite */,
				"______Target_SequenceLabelingTestSuite" /* SequenceLabeling.testsuite */,
				"______Target_TokenizationTestSuite" /* Tokenization.testsuite */,
			);
		};
/* End PBXProject section */

/* Begin PBXSourcesBuildPhase section */
		CompilePhase_Alignment /* Sources */ = {
			isa = PBXSourcesBuildPhase;
			buildActionMask = 0;
			files = (
				__src_cc_ref_Sources/Alignment/IBMModel1.swift /* IBMModel1.swift in Sources */,
				2998319C1CA264F30056062E /* Aligner.swift in Sources */,
				__src_cc_ref_Sources/Alignment/IBMModel2.swift /* IBMModel2.swift in Sources */,
			);
			runOnlyForDeploymentPostprocessing = 0;
		};
		CompilePhase_AlignmentTestSuite /* Sources */ = {
			isa = PBXSourcesBuildPhase;
			buildActionMask = 0;
			files = (
				__src_cc_ref_Tests/Alignment/AlignmentTests.swift /* AlignmentTests.swift in Sources */,
			);
			runOnlyForDeploymentPostprocessing = 0;
		};
		CompilePhase_Classification /* Sources */ = {
			isa = PBXSourcesBuildPhase;
			buildActionMask = 0;
			files = (
				__src_cc_ref_Sources/Classification/Classifier.swift /* Classifier.swift in Sources */,
				__src_cc_ref_Sources/Classification/NaiveBayes.swift /* NaiveBayes.swift in Sources */,
			);
			runOnlyForDeploymentPostprocessing = 0;
		};
		CompilePhase_ClassificationTestSuite /* Sources */ = {
			isa = PBXSourcesBuildPhase;
			buildActionMask = 0;
			files = (
				__src_cc_ref_Tests/Classification/ClassificationTests.swift /* NaiveBayesTests.swift in Sources */,
			);
			runOnlyForDeploymentPostprocessing = 0;
		};
		CompilePhase_LanguageModeling /* Sources */ = {
			isa = PBXSourcesBuildPhase;
			buildActionMask = 0;
			files = (
				__src_cc_ref_Sources/LanguageModeling/LanguageModel.swift /* LanguageModel.swift in Sources */,
				__src_cc_ref_Sources/LanguageModeling/NgramModel.swift /* NgramModel.swift in Sources */,
				__src_cc_ref_Sources/LanguageModeling/Ngrams.swift /* Ngrams.swift in Sources */,
			);
			runOnlyForDeploymentPostprocessing = 0;
		};
		CompilePhase_LanguageModelingTestSuite /* Sources */ = {
			isa = PBXSourcesBuildPhase;
			buildActionMask = 0;
			files = (
				__src_cc_ref_Tests/LanguageModeling/LanguageModelingTests.swift /* LanguageModelingTests.swift in Sources */,
			);
			runOnlyForDeploymentPostprocessing = 0;
		};
		CompilePhase_SequenceLabeling /* Sources */ = {
			isa = PBXSourcesBuildPhase;
			buildActionMask = 0;
			files = (
				__src_cc_ref_Sources/SequenceLabeling/HiddenMarkovModel.swift /* HiddenMarkovModel.swift in Sources */,
				__src_cc_ref_Sources/SequenceLabeling/SequenceLabeler.swift /* SequenceLabeler.swift in Sources */,
			);
			runOnlyForDeploymentPostprocessing = 0;
		};
		CompilePhase_SequenceLabelingTestSuite /* Sources */ = {
			isa = PBXSourcesBuildPhase;
			buildActionMask = 0;
			files = (
				__src_cc_ref_Tests/SequenceLabeling/SequenceLabelingTests.swift /* SequenceLabelingTests.swift in Sources */,
			);
			runOnlyForDeploymentPostprocessing = 0;
		};
		CompilePhase_Tokenization /* Sources */ = {
			isa = PBXSourcesBuildPhase;
			buildActionMask = 0;
			files = (
				__src_cc_ref_Sources/Tokenization/Tokenizer.swift /* Tokenizer.swift in Sources */,
			);
			runOnlyForDeploymentPostprocessing = 0;
		};
		CompilePhase_TokenizationTestSuite /* Sources */ = {
			isa = PBXSourcesBuildPhase;
			buildActionMask = 0;
			files = (
				__src_cc_ref_Tests/Tokenization/TokenizationTests.swift /* TokenizationTests.swift in Sources */,
			);
			runOnlyForDeploymentPostprocessing = 0;
		};
/* End PBXSourcesBuildPhase section */

/* Begin PBXTargetDependency section */
		__Dependency_Alignment /* PBXTargetDependency */ = {
			isa = PBXTargetDependency;
			target = "______Target_Alignment" /* Alignment */;
			targetProxy = 299831981CA25D5F0056062E /* PBXContainerItemProxy */;
		};
		__Dependency_Classification /* PBXTargetDependency */ = {
			isa = PBXTargetDependency;
			target = "______Target_Classification" /* Classification */;
			targetProxy = 299831991CA25D5F0056062E /* PBXContainerItemProxy */;
		};
		__Dependency_LanguageModeling /* PBXTargetDependency */ = {
			isa = PBXTargetDependency;
			target = "______Target_LanguageModeling" /* LanguageModeling */;
			targetProxy = 299831961CA25D5F0056062E /* PBXContainerItemProxy */;
		};
		__Dependency_SequenceLabeling /* PBXTargetDependency */ = {
			isa = PBXTargetDependency;
			target = "______Target_SequenceLabeling" /* SequenceLabeling */;
			targetProxy = 2998319A1CA25D5F0056062E /* PBXContainerItemProxy */;
		};
		__Dependency_Tokenization /* PBXTargetDependency */ = {
			isa = PBXTargetDependency;
			target = "______Target_Tokenization" /* Tokenization */;
			targetProxy = 299831971CA25D5F0056062E /* PBXContainerItemProxy */;
		};
/* End PBXTargetDependency section */

/* Begin XCBuildConfiguration section */
		_ReleaseConf_Alignment /* Release */ = {
			isa = XCBuildConfiguration;
			buildSettings = {
				COMBINE_HIDPI_IMAGES = YES;
				DYLIB_INSTALL_NAME_BASE = "$(CONFIGURATION_BUILD_DIR)";
				ENABLE_TESTABILITY = YES;
				LD_RUNPATH_SEARCH_PATHS = "/Users/rxwei/Library/Developer/Toolchains/swift-3.0.0-rxwei+20160321.xctoolchain/usr/lib/swift/macosx";
				MACOSX_DEPLOYMENT_TARGET = 10.10;
				OTHER_SWIFT_FLAGS = "-DXcode";
				PRODUCT_MODULE_NAME = Alignment;
				PRODUCT_NAME = "lib$(TARGET_NAME)";
			};
			name = Release;
		};
		_ReleaseConf_AlignmentTestSuite /* Release */ = {
			isa = XCBuildConfiguration;
			buildSettings = {
				COMBINE_HIDPI_IMAGES = YES;
				EMBEDDED_CONTENT_CONTAINS_SWIFT = YES;
				LD_RUNPATH_SEARCH_PATHS = "@loader_path/../Frameworks";
				MACOSX_DEPLOYMENT_TARGET = 10.10;
				OTHER_SWIFT_FLAGS = "-DXcode";
				PRODUCT_MODULE_NAME = AlignmentTestSuite;
				PRODUCT_NAME = "$(TARGET_NAME)";
			};
			name = Release;
		};
		_ReleaseConf_Classification /* Release */ = {
			isa = XCBuildConfiguration;
			buildSettings = {
				COMBINE_HIDPI_IMAGES = YES;
				DYLIB_INSTALL_NAME_BASE = "$(CONFIGURATION_BUILD_DIR)";
				ENABLE_TESTABILITY = YES;
				LD_RUNPATH_SEARCH_PATHS = "/Users/rxwei/Library/Developer/Toolchains/swift-3.0.0-rxwei+20160321.xctoolchain/usr/lib/swift/macosx";
				MACOSX_DEPLOYMENT_TARGET = 10.10;
				OTHER_SWIFT_FLAGS = "-DXcode";
				PRODUCT_MODULE_NAME = Classification;
				PRODUCT_NAME = "lib$(TARGET_NAME)";
			};
			name = Release;
		};
		_ReleaseConf_ClassificationTestSuite /* Release */ = {
			isa = XCBuildConfiguration;
			buildSettings = {
				COMBINE_HIDPI_IMAGES = YES;
				EMBEDDED_CONTENT_CONTAINS_SWIFT = YES;
				LD_RUNPATH_SEARCH_PATHS = "@loader_path/../Frameworks";
				MACOSX_DEPLOYMENT_TARGET = 10.10;
				OTHER_SWIFT_FLAGS = "-DXcode";
				PRODUCT_MODULE_NAME = ClassificationTestSuite;
				PRODUCT_NAME = "$(TARGET_NAME)";
			};
			name = Release;
		};
		_ReleaseConf_LanguageModeling /* Release */ = {
			isa = XCBuildConfiguration;
			buildSettings = {
				COMBINE_HIDPI_IMAGES = YES;
				DYLIB_INSTALL_NAME_BASE = "$(CONFIGURATION_BUILD_DIR)";
				ENABLE_TESTABILITY = YES;
				LD_RUNPATH_SEARCH_PATHS = "/Users/rxwei/Library/Developer/Toolchains/swift-3.0.0-rxwei+20160321.xctoolchain/usr/lib/swift/macosx";
				MACOSX_DEPLOYMENT_TARGET = 10.10;
				OTHER_SWIFT_FLAGS = "-DXcode";
				PRODUCT_MODULE_NAME = LanguageModeling;
				PRODUCT_NAME = "lib$(TARGET_NAME)";
			};
			name = Release;
		};
		_ReleaseConf_LanguageModelingTestSuite /* Release */ = {
			isa = XCBuildConfiguration;
			buildSettings = {
				COMBINE_HIDPI_IMAGES = YES;
				EMBEDDED_CONTENT_CONTAINS_SWIFT = YES;
				LD_RUNPATH_SEARCH_PATHS = "@loader_path/../Frameworks";
				MACOSX_DEPLOYMENT_TARGET = 10.10;
				OTHER_SWIFT_FLAGS = "-DXcode";
				PRODUCT_MODULE_NAME = LanguageModelingTestSuite;
				PRODUCT_NAME = "$(TARGET_NAME)";
			};
			name = Release;
		};
		_ReleaseConf_SequenceLabeling /* Release */ = {
			isa = XCBuildConfiguration;
			buildSettings = {
				COMBINE_HIDPI_IMAGES = YES;
				DYLIB_INSTALL_NAME_BASE = "$(CONFIGURATION_BUILD_DIR)";
				ENABLE_TESTABILITY = YES;
				LD_RUNPATH_SEARCH_PATHS = "/Users/rxwei/Library/Developer/Toolchains/swift-3.0.0-rxwei+20160321.xctoolchain/usr/lib/swift/macosx";
				MACOSX_DEPLOYMENT_TARGET = 10.10;
				OTHER_SWIFT_FLAGS = "-DXcode";
				PRODUCT_MODULE_NAME = SequenceLabeling;
				PRODUCT_NAME = "lib$(TARGET_NAME)";
			};
			name = Release;
		};
		_ReleaseConf_SequenceLabelingTestSuite /* Release */ = {
			isa = XCBuildConfiguration;
			buildSettings = {
				COMBINE_HIDPI_IMAGES = YES;
				EMBEDDED_CONTENT_CONTAINS_SWIFT = YES;
				LD_RUNPATH_SEARCH_PATHS = "@loader_path/../Frameworks";
				MACOSX_DEPLOYMENT_TARGET = 10.10;
				OTHER_SWIFT_FLAGS = "-DXcode";
				PRODUCT_MODULE_NAME = SequenceLabelingTestSuite;
				PRODUCT_NAME = "$(TARGET_NAME)";
			};
			name = Release;
		};
		_ReleaseConf_Tokenization /* Release */ = {
			isa = XCBuildConfiguration;
			buildSettings = {
				COMBINE_HIDPI_IMAGES = YES;
				DYLIB_INSTALL_NAME_BASE = "$(CONFIGURATION_BUILD_DIR)";
				ENABLE_TESTABILITY = YES;
				LD_RUNPATH_SEARCH_PATHS = "/Users/rxwei/Library/Developer/Toolchains/swift-3.0.0-rxwei+20160321.xctoolchain/usr/lib/swift/macosx";
				MACOSX_DEPLOYMENT_TARGET = 10.10;
				OTHER_SWIFT_FLAGS = "-DXcode";
				PRODUCT_MODULE_NAME = Tokenization;
				PRODUCT_NAME = "lib$(TARGET_NAME)";
			};
			name = Release;
		};
		_ReleaseConf_TokenizationTestSuite /* Release */ = {
			isa = XCBuildConfiguration;
			buildSettings = {
				COMBINE_HIDPI_IMAGES = YES;
				EMBEDDED_CONTENT_CONTAINS_SWIFT = YES;
				LD_RUNPATH_SEARCH_PATHS = "@loader_path/../Frameworks";
				MACOSX_DEPLOYMENT_TARGET = 10.10;
				OTHER_SWIFT_FLAGS = "-DXcode";
				PRODUCT_MODULE_NAME = TokenizationTestSuite;
				PRODUCT_NAME = "$(TARGET_NAME)";
			};
			name = Release;
		};
		"___DebugConf_Alignment" /* Debug */ = {
			isa = XCBuildConfiguration;
			buildSettings = {
				COMBINE_HIDPI_IMAGES = YES;
				DYLIB_INSTALL_NAME_BASE = "$(CONFIGURATION_BUILD_DIR)";
				ENABLE_TESTABILITY = YES;
				LD_RUNPATH_SEARCH_PATHS = "/Users/rxwei/Library/Developer/Toolchains/swift-3.0.0-rxwei+20160321.xctoolchain/usr/lib/swift/macosx";
				MACOSX_DEPLOYMENT_TARGET = 10.10;
				OTHER_SWIFT_FLAGS = "-DXcode";
				PRODUCT_MODULE_NAME = Alignment;
				PRODUCT_NAME = "lib$(TARGET_NAME)";
				SWIFT_OPTIMIZATION_LEVEL = "-Onone";
			};
			name = Debug;
		};
		"___DebugConf_AlignmentTestSuite" /* Debug */ = {
			isa = XCBuildConfiguration;
			buildSettings = {
				COMBINE_HIDPI_IMAGES = YES;
				EMBEDDED_CONTENT_CONTAINS_SWIFT = YES;
				LD_RUNPATH_SEARCH_PATHS = "@loader_path/../Frameworks";
				MACOSX_DEPLOYMENT_TARGET = 10.10;
				OTHER_SWIFT_FLAGS = "-DXcode";
				PRODUCT_MODULE_NAME = AlignmentTestSuite;
				PRODUCT_NAME = "$(TARGET_NAME)";
				SWIFT_OPTIMIZATION_LEVEL = "-Onone";
			};
			name = Debug;
		};
		"___DebugConf_Classification" /* Debug */ = {
			isa = XCBuildConfiguration;
			buildSettings = {
				COMBINE_HIDPI_IMAGES = YES;
				DYLIB_INSTALL_NAME_BASE = "$(CONFIGURATION_BUILD_DIR)";
				ENABLE_TESTABILITY = YES;
				LD_RUNPATH_SEARCH_PATHS = "/Users/rxwei/Library/Developer/Toolchains/swift-3.0.0-rxwei+20160321.xctoolchain/usr/lib/swift/macosx";
				MACOSX_DEPLOYMENT_TARGET = 10.10;
				OTHER_SWIFT_FLAGS = "-DXcode";
				PRODUCT_MODULE_NAME = Classification;
				PRODUCT_NAME = "lib$(TARGET_NAME)";
				SWIFT_OPTIMIZATION_LEVEL = "-Onone";
			};
			name = Debug;
		};
		"___DebugConf_ClassificationTestSuite" /* Debug */ = {
			isa = XCBuildConfiguration;
			buildSettings = {
				COMBINE_HIDPI_IMAGES = YES;
				EMBEDDED_CONTENT_CONTAINS_SWIFT = YES;
				LD_RUNPATH_SEARCH_PATHS = "@loader_path/../Frameworks";
				MACOSX_DEPLOYMENT_TARGET = 10.10;
				OTHER_SWIFT_FLAGS = "-DXcode";
				PRODUCT_MODULE_NAME = ClassificationTestSuite;
				PRODUCT_NAME = "$(TARGET_NAME)";
				SWIFT_OPTIMIZATION_LEVEL = "-Onone";
			};
			name = Debug;
		};
		"___DebugConf_LanguageModeling" /* Debug */ = {
			isa = XCBuildConfiguration;
			buildSettings = {
				COMBINE_HIDPI_IMAGES = YES;
				DYLIB_INSTALL_NAME_BASE = "$(CONFIGURATION_BUILD_DIR)";
				ENABLE_TESTABILITY = YES;
				LD_RUNPATH_SEARCH_PATHS = "/Users/rxwei/Library/Developer/Toolchains/swift-3.0.0-rxwei+20160321.xctoolchain/usr/lib/swift/macosx";
				MACOSX_DEPLOYMENT_TARGET = 10.10;
				OTHER_SWIFT_FLAGS = "-DXcode";
				PRODUCT_MODULE_NAME = LanguageModeling;
				PRODUCT_NAME = "lib$(TARGET_NAME)";
				SWIFT_OPTIMIZATION_LEVEL = "-Onone";
			};
			name = Debug;
		};
		"___DebugConf_LanguageModelingTestSuite" /* Debug */ = {
			isa = XCBuildConfiguration;
			buildSettings = {
				COMBINE_HIDPI_IMAGES = YES;
				EMBEDDED_CONTENT_CONTAINS_SWIFT = YES;
				LD_RUNPATH_SEARCH_PATHS = "@loader_path/../Frameworks";
				MACOSX_DEPLOYMENT_TARGET = 10.10;
				OTHER_SWIFT_FLAGS = "-DXcode";
				PRODUCT_MODULE_NAME = LanguageModelingTestSuite;
				PRODUCT_NAME = "$(TARGET_NAME)";
				SWIFT_OPTIMIZATION_LEVEL = "-Onone";
			};
			name = Debug;
		};
		"___DebugConf_SequenceLabeling" /* Debug */ = {
			isa = XCBuildConfiguration;
			buildSettings = {
				COMBINE_HIDPI_IMAGES = YES;
				DYLIB_INSTALL_NAME_BASE = "$(CONFIGURATION_BUILD_DIR)";
				ENABLE_TESTABILITY = YES;
				LD_RUNPATH_SEARCH_PATHS = "/Users/rxwei/Library/Developer/Toolchains/swift-3.0.0-rxwei+20160321.xctoolchain/usr/lib/swift/macosx";
				MACOSX_DEPLOYMENT_TARGET = 10.10;
				OTHER_SWIFT_FLAGS = "-DXcode";
				PRODUCT_MODULE_NAME = SequenceLabeling;
				PRODUCT_NAME = "lib$(TARGET_NAME)";
				SWIFT_OPTIMIZATION_LEVEL = "-Onone";
			};
			name = Debug;
		};
		"___DebugConf_SequenceLabelingTestSuite" /* Debug */ = {
			isa = XCBuildConfiguration;
			buildSettings = {
				COMBINE_HIDPI_IMAGES = YES;
				EMBEDDED_CONTENT_CONTAINS_SWIFT = YES;
				LD_RUNPATH_SEARCH_PATHS = "@loader_path/../Frameworks";
				MACOSX_DEPLOYMENT_TARGET = 10.10;
				OTHER_SWIFT_FLAGS = "-DXcode";
				PRODUCT_MODULE_NAME = SequenceLabelingTestSuite;
				PRODUCT_NAME = "$(TARGET_NAME)";
				SWIFT_OPTIMIZATION_LEVEL = "-Onone";
			};
			name = Debug;
		};
		"___DebugConf_Tokenization" /* Debug */ = {
			isa = XCBuildConfiguration;
			buildSettings = {
				COMBINE_HIDPI_IMAGES = YES;
				DYLIB_INSTALL_NAME_BASE = "$(CONFIGURATION_BUILD_DIR)";
				ENABLE_TESTABILITY = YES;
				LD_RUNPATH_SEARCH_PATHS = "/Users/rxwei/Library/Developer/Toolchains/swift-3.0.0-rxwei+20160321.xctoolchain/usr/lib/swift/macosx";
				MACOSX_DEPLOYMENT_TARGET = 10.10;
				OTHER_SWIFT_FLAGS = "-DXcode";
				PRODUCT_MODULE_NAME = Tokenization;
				PRODUCT_NAME = "lib$(TARGET_NAME)";
				SWIFT_OPTIMIZATION_LEVEL = "-Onone";
			};
			name = Debug;
		};
		"___DebugConf_TokenizationTestSuite" /* Debug */ = {
			isa = XCBuildConfiguration;
			buildSettings = {
				COMBINE_HIDPI_IMAGES = YES;
				EMBEDDED_CONTENT_CONTAINS_SWIFT = YES;
				LD_RUNPATH_SEARCH_PATHS = "@loader_path/../Frameworks";
				MACOSX_DEPLOYMENT_TARGET = 10.10;
				OTHER_SWIFT_FLAGS = "-DXcode";
				PRODUCT_MODULE_NAME = TokenizationTestSuite;
				PRODUCT_NAME = "$(TARGET_NAME)";
				SWIFT_OPTIMIZATION_LEVEL = "-Onone";
			};
			name = Debug;
		};
		"_____Release_" /* Release */ = {
			isa = XCBuildConfiguration;
			buildSettings = {
			};
			name = Release;
		};
		"_______Debug_" /* Debug */ = {
			isa = XCBuildConfiguration;
			buildSettings = {
			};
			name = Debug;
		};
/* End XCBuildConfiguration section */

/* Begin XCConfigurationList section */
		"___RootConfs_" /* Build configuration list for PBXProject "LangKit" */ = {
			isa = XCConfigurationList;
			buildConfigurations = (
				"_______Debug_" /* Debug */,
				"_____Release_" /* Release */,
			);
			defaultConfigurationIsVisible = 0;
			defaultConfigurationName = Debug;
		};
		"_______Confs_Alignment" /* Build configuration list for PBXNativeTarget "Alignment" */ = {
			isa = XCConfigurationList;
			buildConfigurations = (
				"___DebugConf_Alignment" /* Debug */,
				_ReleaseConf_Alignment /* Release */,
			);
			defaultConfigurationIsVisible = 0;
			defaultConfigurationName = Debug;
		};
		"_______Confs_AlignmentTestSuite" /* Build configuration list for PBXNativeTarget "Alignment.testsuite" */ = {
			isa = XCConfigurationList;
			buildConfigurations = (
				"___DebugConf_AlignmentTestSuite" /* Debug */,
				_ReleaseConf_AlignmentTestSuite /* Release */,
			);
			defaultConfigurationIsVisible = 0;
			defaultConfigurationName = Debug;
		};
		"_______Confs_Classification" /* Build configuration list for PBXNativeTarget "Classification" */ = {
			isa = XCConfigurationList;
			buildConfigurations = (
				"___DebugConf_Classification" /* Debug */,
				_ReleaseConf_Classification /* Release */,
			);
			defaultConfigurationIsVisible = 0;
			defaultConfigurationName = Debug;
		};
		"_______Confs_ClassificationTestSuite" /* Build configuration list for PBXNativeTarget "Classification.testsuite" */ = {
			isa = XCConfigurationList;
			buildConfigurations = (
				"___DebugConf_ClassificationTestSuite" /* Debug */,
				_ReleaseConf_ClassificationTestSuite /* Release */,
			);
			defaultConfigurationIsVisible = 0;
			defaultConfigurationName = Debug;
		};
		"_______Confs_LanguageModeling" /* Build configuration list for PBXNativeTarget "LanguageModeling" */ = {
			isa = XCConfigurationList;
			buildConfigurations = (
				"___DebugConf_LanguageModeling" /* Debug */,
				_ReleaseConf_LanguageModeling /* Release */,
			);
			defaultConfigurationIsVisible = 0;
			defaultConfigurationName = Debug;
		};
		"_______Confs_LanguageModelingTestSuite" /* Build configuration list for PBXNativeTarget "LanguageModeling.testsuite" */ = {
			isa = XCConfigurationList;
			buildConfigurations = (
				"___DebugConf_LanguageModelingTestSuite" /* Debug */,
				_ReleaseConf_LanguageModelingTestSuite /* Release */,
			);
			defaultConfigurationIsVisible = 0;
			defaultConfigurationName = Debug;
		};
		"_______Confs_SequenceLabeling" /* Build configuration list for PBXNativeTarget "SequenceLabeling" */ = {
			isa = XCConfigurationList;
			buildConfigurations = (
				"___DebugConf_SequenceLabeling" /* Debug */,
				_ReleaseConf_SequenceLabeling /* Release */,
			);
			defaultConfigurationIsVisible = 0;
			defaultConfigurationName = Debug;
		};
		"_______Confs_SequenceLabelingTestSuite" /* Build configuration list for PBXNativeTarget "SequenceLabeling.testsuite" */ = {
			isa = XCConfigurationList;
			buildConfigurations = (
				"___DebugConf_SequenceLabelingTestSuite" /* Debug */,
				_ReleaseConf_SequenceLabelingTestSuite /* Release */,
			);
			defaultConfigurationIsVisible = 0;
			defaultConfigurationName = Debug;
		};
		"_______Confs_Tokenization" /* Build configuration list for PBXNativeTarget "Tokenization" */ = {
			isa = XCConfigurationList;
			buildConfigurations = (
				"___DebugConf_Tokenization" /* Debug */,
				_ReleaseConf_Tokenization /* Release */,
			);
			defaultConfigurationIsVisible = 0;
			defaultConfigurationName = Debug;
		};
		"_______Confs_TokenizationTestSuite" /* Build configuration list for PBXNativeTarget "Tokenization.testsuite" */ = {
			isa = XCConfigurationList;
			buildConfigurations = (
				"___DebugConf_TokenizationTestSuite" /* Debug */,
				_ReleaseConf_TokenizationTestSuite /* Release */,
			);
			defaultConfigurationIsVisible = 0;
			defaultConfigurationName = Debug;
		};
/* End XCConfigurationList section */
	};
	rootObject = __RootObject_ /* Project object */;
}
