// !$*UTF8*$!
{
	archiveVersion = 1;
	classes = {
	};
	objectVersion = 46;
	objects = {

/* Begin PBXBuildFile section */
		293BAB851CBB868A00FAEE12 /* libCommandLine.dylib in Frameworks */ = {isa = PBXBuildFile; fileRef = "_____Product_CommandLine" /* libCommandLine.dylib */; };
		293BAB861CBB868A00FAEE12 /* libRedBlackTree.dylib in Frameworks */ = {isa = PBXBuildFile; fileRef = "_____Product_RedBlackTree" /* libRedBlackTree.dylib */; };
		293BAB871CBB868A00FAEE12 /* libCommandLine.dylib in Frameworks */ = {isa = PBXBuildFile; fileRef = "_____Product_CommandLine" /* libCommandLine.dylib */; };
		293BAB881CBB868A00FAEE12 /* libRedBlackTree.dylib in Frameworks */ = {isa = PBXBuildFile; fileRef = "_____Product_RedBlackTree" /* libRedBlackTree.dylib */; };
		293BAB891CBB868A00FAEE12 /* libCommandLine.dylib in Frameworks */ = {isa = PBXBuildFile; fileRef = "_____Product_CommandLine" /* libCommandLine.dylib */; };
		293BAB8A1CBB868A00FAEE12 /* libLangKit.dylib in Frameworks */ = {isa = PBXBuildFile; fileRef = "_____Product_LangKit" /* libLangKit.dylib */; };
		_LinkFileRef_CommandLine /* libCommandLine.dylib in Frameworks */ = {isa = PBXBuildFile; fileRef = "_____Product_CommandLine" /* libCommandLine.dylib */; };
		_LinkFileRef_LangKit /* libLangKit.dylib in Frameworks */ = {isa = PBXBuildFile; fileRef = "_____Product_LangKit" /* libLangKit.dylib */; };
		_LinkFileRef_RedBlackTree /* libRedBlackTree.dylib in Frameworks */ = {isa = PBXBuildFile; fileRef = "_____Product_RedBlackTree" /* libRedBlackTree.dylib */; };
		"__src_cc_ref_Packages/CommandLine-2.2.1-pre1/CommandLine/CommandLine.swift" /* CommandLine.swift in Sources */ = {isa = PBXBuildFile; fileRef = "__PBXFileRef_Packages/CommandLine-2.2.1-pre1/CommandLine/CommandLine.swift" /* CommandLine.swift */; };
		"__src_cc_ref_Packages/CommandLine-2.2.1-pre1/CommandLine/Option.swift" /* Option.swift in Sources */ = {isa = PBXBuildFile; fileRef = "__PBXFileRef_Packages/CommandLine-2.2.1-pre1/CommandLine/Option.swift" /* Option.swift */; };
		"__src_cc_ref_Packages/CommandLine-2.2.1-pre1/CommandLine/StringExtensions.swift" /* StringExtensions.swift in Sources */ = {isa = PBXBuildFile; fileRef = "__PBXFileRef_Packages/CommandLine-2.2.1-pre1/CommandLine/StringExtensions.swift" /* StringExtensions.swift */; };
		"__src_cc_ref_Packages/CommandLine-2.2.1-pre1/Tests/CommandLine/CommandLineTests.swift" /* CommandLineTests.swift in Sources */ = {isa = PBXBuildFile; fileRef = "__PBXFileRef_Packages/CommandLine-2.2.1-pre1/Tests/CommandLine/CommandLineTests.swift" /* CommandLineTests.swift */; };
		"__src_cc_ref_Packages/CommandLine-2.2.1-pre1/Tests/CommandLine/StringExtensionTests.swift" /* StringExtensionTests.swift in Sources */ = {isa = PBXBuildFile; fileRef = "__PBXFileRef_Packages/CommandLine-2.2.1-pre1/Tests/CommandLine/StringExtensionTests.swift" /* StringExtensionTests.swift */; };
		"__src_cc_ref_Packages/RedBlackTree-0.1.0/Sources/RedBlackKey.swift" /* RedBlackKey.swift in Sources */ = {isa = PBXBuildFile; fileRef = "__PBXFileRef_Packages/RedBlackTree-0.1.0/Sources/RedBlackKey.swift" /* RedBlackKey.swift */; };
		"__src_cc_ref_Packages/RedBlackTree-0.1.0/Sources/RedBlackTree descriptions.swift" /* RedBlackTree descriptions.swift in Sources */ = {isa = PBXBuildFile; fileRef = "__PBXFileRef_Packages/RedBlackTree-0.1.0/Sources/RedBlackTree descriptions.swift" /* RedBlackTree descriptions.swift */; };
		"__src_cc_ref_Packages/RedBlackTree-0.1.0/Sources/RedBlackTree.swift" /* RedBlackTree.swift in Sources */ = {isa = PBXBuildFile; fileRef = "__PBXFileRef_Packages/RedBlackTree-0.1.0/Sources/RedBlackTree.swift" /* RedBlackTree.swift */; };
		"__src_cc_ref_Packages/RedBlackTree-0.1.0/Sources/Summary.swift" /* Summary.swift in Sources */ = {isa = PBXBuildFile; fileRef = "__PBXFileRef_Packages/RedBlackTree-0.1.0/Sources/Summary.swift" /* Summary.swift */; };
		"__src_cc_ref_Packages/RedBlackTree-0.1.0/Tests/Helpers/PermutationTests.swift" /* PermutationTests.swift in Sources */ = {isa = PBXBuildFile; fileRef = "__PBXFileRef_Packages/RedBlackTree-0.1.0/Tests/Helpers/PermutationTests.swift" /* PermutationTests.swift */; };
		"__src_cc_ref_Packages/RedBlackTree-0.1.0/Tests/Helpers/Permutations.swift" /* Permutations.swift in Sources */ = {isa = PBXBuildFile; fileRef = "__PBXFileRef_Packages/RedBlackTree-0.1.0/Tests/Helpers/Permutations.swift" /* Permutations.swift */; };
		"__src_cc_ref_Packages/RedBlackTree-0.1.0/Tests/Helpers/Random.swift" /* Random.swift in Sources */ = {isa = PBXBuildFile; fileRef = "__PBXFileRef_Packages/RedBlackTree-0.1.0/Tests/Helpers/Random.swift" /* Random.swift */; };
		"__src_cc_ref_Packages/RedBlackTree-0.1.0/Tests/Helpers/String Manipulation.swift" /* String Manipulation.swift in Sources */ = {isa = PBXBuildFile; fileRef = "__PBXFileRef_Packages/RedBlackTree-0.1.0/Tests/Helpers/String Manipulation.swift" /* String Manipulation.swift */; };
		"__src_cc_ref_Packages/RedBlackTree-0.1.0/Tests/Helpers/XCTest extensions.swift" /* XCTest extensions.swift in Sources */ = {isa = PBXBuildFile; fileRef = "__PBXFileRef_Packages/RedBlackTree-0.1.0/Tests/Helpers/XCTest extensions.swift" /* XCTest extensions.swift */; };
		__src_cc_ref_Sources/LangKit/Alignment/Aligner.swift /* Alignment/Aligner.swift in Sources */ = {isa = PBXBuildFile; fileRef = __PBXFileRef_Sources/LangKit/Alignment/Aligner.swift /* Alignment/Aligner.swift */; };
		__src_cc_ref_Sources/LangKit/Alignment/IBMModel1.swift /* Alignment/IBMModel1.swift in Sources */ = {isa = PBXBuildFile; fileRef = __PBXFileRef_Sources/LangKit/Alignment/IBMModel1.swift /* Alignment/IBMModel1.swift */; };
		__src_cc_ref_Sources/LangKit/Alignment/IBMModel2.swift /* Alignment/IBMModel2.swift in Sources */ = {isa = PBXBuildFile; fileRef = __PBXFileRef_Sources/LangKit/Alignment/IBMModel2.swift /* Alignment/IBMModel2.swift */; };
		__src_cc_ref_Sources/LangKit/Classification/Classifier.swift /* Classification/Classifier.swift in Sources */ = {isa = PBXBuildFile; fileRef = __PBXFileRef_Sources/LangKit/Classification/Classifier.swift /* Classification/Classifier.swift */; };
		__src_cc_ref_Sources/LangKit/Classification/NaiveBayes.swift /* Classification/NaiveBayes.swift in Sources */ = {isa = PBXBuildFile; fileRef = __PBXFileRef_Sources/LangKit/Classification/NaiveBayes.swift /* Classification/NaiveBayes.swift */; };
		__src_cc_ref_Sources/LangKit/DataStructures/RedBlackTree.swift /* DataStructures/RedBlackTree.swift in Sources */ = {isa = PBXBuildFile; fileRef = __PBXFileRef_Sources/LangKit/DataStructures/RedBlackTree.swift /* DataStructures/RedBlackTree.swift */; };
		__src_cc_ref_Sources/LangKit/DataStructures/Trie.swift /* DataStructures/Trie.swift in Sources */ = {isa = PBXBuildFile; fileRef = __PBXFileRef_Sources/LangKit/DataStructures/Trie.swift /* DataStructures/Trie.swift */; };
		__src_cc_ref_Sources/LangKit/LanguageModeling/LanguageModel.swift /* LanguageModeling/LanguageModel.swift in Sources */ = {isa = PBXBuildFile; fileRef = __PBXFileRef_Sources/LangKit/LanguageModeling/LanguageModel.swift /* LanguageModeling/LanguageModel.swift */; };
		__src_cc_ref_Sources/LangKit/LanguageModeling/NgramModel.swift /* LanguageModeling/NgramModel.swift in Sources */ = {isa = PBXBuildFile; fileRef = __PBXFileRef_Sources/LangKit/LanguageModeling/NgramModel.swift /* LanguageModeling/NgramModel.swift */; };
		__src_cc_ref_Sources/LangKit/LanguageModeling/Ngrams.swift /* LanguageModeling/Ngrams.swift in Sources */ = {isa = PBXBuildFile; fileRef = __PBXFileRef_Sources/LangKit/LanguageModeling/Ngrams.swift /* LanguageModeling/Ngrams.swift */; };
		__src_cc_ref_Sources/LangKit/Preprocessing/Preprocessor.swift /* Preprocessing/Preprocessor.swift in Sources */ = {isa = PBXBuildFile; fileRef = __PBXFileRef_Sources/LangKit/Preprocessing/Preprocessor.swift /* Preprocessing/Preprocessor.swift */; };
		__src_cc_ref_Sources/LangKit/SequenceLabeling/HiddenMarkovModel.swift /* SequenceLabeling/HiddenMarkovModel.swift in Sources */ = {isa = PBXBuildFile; fileRef = __PBXFileRef_Sources/LangKit/SequenceLabeling/HiddenMarkovModel.swift /* SequenceLabeling/HiddenMarkovModel.swift */; };
		__src_cc_ref_Sources/LangKit/SequenceLabeling/SequenceLabeler.swift /* SequenceLabeling/SequenceLabeler.swift in Sources */ = {isa = PBXBuildFile; fileRef = __PBXFileRef_Sources/LangKit/SequenceLabeling/SequenceLabeler.swift /* SequenceLabeling/SequenceLabeler.swift */; };
		__src_cc_ref_Sources/LangKit/Tokenization/Tokenizer.swift /* Tokenization/Tokenizer.swift in Sources */ = {isa = PBXBuildFile; fileRef = __PBXFileRef_Sources/LangKit/Tokenization/Tokenizer.swift /* Tokenization/Tokenizer.swift */; };
		__src_cc_ref_Sources/LangKitDemo/Demo.swift /* Demo.swift in Sources */ = {isa = PBXBuildFile; fileRef = __PBXFileRef_Sources/LangKitDemo/Demo.swift /* Demo.swift */; };
		__src_cc_ref_Sources/LangKitDemo/IBMModelDemo.swift /* IBMModelDemo.swift in Sources */ = {isa = PBXBuildFile; fileRef = __PBXFileRef_Sources/LangKitDemo/IBMModelDemo.swift /* IBMModelDemo.swift */; };
		__src_cc_ref_Sources/LangKitDemo/LanguageIDDemo.swift /* LanguageIDDemo.swift in Sources */ = {isa = PBXBuildFile; fileRef = __PBXFileRef_Sources/LangKitDemo/LanguageIDDemo.swift /* LanguageIDDemo.swift */; };
		__src_cc_ref_Sources/LangKitDemo/TrieDemo.swift /* TrieDemo.swift in Sources */ = {isa = PBXBuildFile; fileRef = __PBXFileRef_Sources/LangKitDemo/TrieDemo.swift /* TrieDemo.swift */; };
		__src_cc_ref_Sources/LangKitDemo/main.swift /* main.swift in Sources */ = {isa = PBXBuildFile; fileRef = __PBXFileRef_Sources/LangKitDemo/main.swift /* main.swift */; };
		__src_cc_ref_Tests/LangKit/AlignmentTests.swift /* AlignmentTests.swift in Sources */ = {isa = PBXBuildFile; fileRef = __PBXFileRef_Tests/LangKit/AlignmentTests.swift /* AlignmentTests.swift */; };
		__src_cc_ref_Tests/LangKit/ClassificationTests.swift /* ClassificationTests.swift in Sources */ = {isa = PBXBuildFile; fileRef = __PBXFileRef_Tests/LangKit/ClassificationTests.swift /* ClassificationTests.swift */; };
		__src_cc_ref_Tests/LangKit/NaiveBayesTests.swift /* NaiveBayesTests.swift in Sources */ = {isa = PBXBuildFile; fileRef = __PBXFileRef_Tests/LangKit/NaiveBayesTests.swift /* NaiveBayesTests.swift */; };
		__src_cc_ref_Tests/LangKit/NgramModelTests.swift /* NgramModelTests.swift in Sources */ = {isa = PBXBuildFile; fileRef = __PBXFileRef_Tests/LangKit/NgramModelTests.swift /* NgramModelTests.swift */; };
		__src_cc_ref_Tests/LangKit/SequenceLabelingTests.swift /* SequenceLabelingTests.swift in Sources */ = {isa = PBXBuildFile; fileRef = __PBXFileRef_Tests/LangKit/SequenceLabelingTests.swift /* SequenceLabelingTests.swift */; };
		__src_cc_ref_Tests/LangKit/TokenizationTests.swift /* TokenizationTests.swift in Sources */ = {isa = PBXBuildFile; fileRef = __PBXFileRef_Tests/LangKit/TokenizationTests.swift /* TokenizationTests.swift */; };
		__src_cc_ref_Tests/LangKit/TrieTests.swift /* TrieTests.swift in Sources */ = {isa = PBXBuildFile; fileRef = __PBXFileRef_Tests/LangKit/TrieTests.swift /* TrieTests.swift */; };
/* End PBXBuildFile section */

/* Begin PBXContainerItemProxy section */
		293BAB8B1CBB868A00FAEE12 /* PBXContainerItemProxy */ = {
			isa = PBXContainerItemProxy;
			containerPortal = __RootObject_ /* Project object */;
			proxyType = 1;
			remoteGlobalIDString = "______Target_RedBlackTree";
			remoteInfo = RedBlackTree;
		};
		293BAB8C1CBB868A00FAEE12 /* PBXContainerItemProxy */ = {
			isa = PBXContainerItemProxy;
			containerPortal = __RootObject_ /* Project object */;
			proxyType = 1;
			remoteGlobalIDString = "______Target_CommandLine";
			remoteInfo = CommandLine;
		};
		293BAB8D1CBB868A00FAEE12 /* PBXContainerItemProxy */ = {
			isa = PBXContainerItemProxy;
			containerPortal = __RootObject_ /* Project object */;
			proxyType = 1;
			remoteGlobalIDString = "______Target_LangKit";
			remoteInfo = LangKit;
		};
/* End PBXContainerItemProxy section */

/* Begin PBXFileReference section */
		__PBXFileRef_Package.swift /* Package.swift */ = {isa = PBXFileReference; lastKnownFileType = sourcecode.swift; name = Package.swift; path = /Users/rxwei/Development/Linguistics/Tools/LangKit/Package.swift; sourceTree = "<group>"; };
		"__PBXFileRef_Packages/CommandLine-2.2.1-pre1/CommandLine/CommandLine.swift" /* CommandLine.swift */ = {isa = PBXFileReference; lastKnownFileType = sourcecode.swift; path = CommandLine.swift; sourceTree = "<group>"; };
		"__PBXFileRef_Packages/CommandLine-2.2.1-pre1/CommandLine/Option.swift" /* Option.swift */ = {isa = PBXFileReference; lastKnownFileType = sourcecode.swift; path = Option.swift; sourceTree = "<group>"; };
		"__PBXFileRef_Packages/CommandLine-2.2.1-pre1/CommandLine/StringExtensions.swift" /* StringExtensions.swift */ = {isa = PBXFileReference; lastKnownFileType = sourcecode.swift; path = StringExtensions.swift; sourceTree = "<group>"; };
		"__PBXFileRef_Packages/CommandLine-2.2.1-pre1/Tests/CommandLine/CommandLineTests.swift" /* CommandLineTests.swift */ = {isa = PBXFileReference; lastKnownFileType = sourcecode.swift; path = CommandLineTests.swift; sourceTree = "<group>"; };
		"__PBXFileRef_Packages/CommandLine-2.2.1-pre1/Tests/CommandLine/StringExtensionTests.swift" /* StringExtensionTests.swift */ = {isa = PBXFileReference; lastKnownFileType = sourcecode.swift; path = StringExtensionTests.swift; sourceTree = "<group>"; };
		"__PBXFileRef_Packages/RedBlackTree-0.1.0/Sources/RedBlackKey.swift" /* RedBlackKey.swift */ = {isa = PBXFileReference; lastKnownFileType = sourcecode.swift; path = RedBlackKey.swift; sourceTree = "<group>"; };
		"__PBXFileRef_Packages/RedBlackTree-0.1.0/Sources/RedBlackTree descriptions.swift" /* RedBlackTree descriptions.swift */ = {isa = PBXFileReference; lastKnownFileType = sourcecode.swift; path = "RedBlackTree descriptions.swift"; sourceTree = "<group>"; };
		"__PBXFileRef_Packages/RedBlackTree-0.1.0/Sources/RedBlackTree.swift" /* RedBlackTree.swift */ = {isa = PBXFileReference; lastKnownFileType = sourcecode.swift; path = RedBlackTree.swift; sourceTree = "<group>"; };
		"__PBXFileRef_Packages/RedBlackTree-0.1.0/Sources/Summary.swift" /* Summary.swift */ = {isa = PBXFileReference; lastKnownFileType = sourcecode.swift; path = Summary.swift; sourceTree = "<group>"; };
		"__PBXFileRef_Packages/RedBlackTree-0.1.0/Tests/Helpers/PermutationTests.swift" /* PermutationTests.swift */ = {isa = PBXFileReference; lastKnownFileType = sourcecode.swift; path = PermutationTests.swift; sourceTree = "<group>"; };
		"__PBXFileRef_Packages/RedBlackTree-0.1.0/Tests/Helpers/Permutations.swift" /* Permutations.swift */ = {isa = PBXFileReference; lastKnownFileType = sourcecode.swift; path = Permutations.swift; sourceTree = "<group>"; };
		"__PBXFileRef_Packages/RedBlackTree-0.1.0/Tests/Helpers/Random.swift" /* Random.swift */ = {isa = PBXFileReference; lastKnownFileType = sourcecode.swift; path = Random.swift; sourceTree = "<group>"; };
		"__PBXFileRef_Packages/RedBlackTree-0.1.0/Tests/Helpers/String Manipulation.swift" /* String Manipulation.swift */ = {isa = PBXFileReference; lastKnownFileType = sourcecode.swift; path = "String Manipulation.swift"; sourceTree = "<group>"; };
		"__PBXFileRef_Packages/RedBlackTree-0.1.0/Tests/Helpers/XCTest extensions.swift" /* XCTest extensions.swift */ = {isa = PBXFileReference; lastKnownFileType = sourcecode.swift; path = "XCTest extensions.swift"; sourceTree = "<group>"; };
		__PBXFileRef_Sources/LangKit/Alignment/Aligner.swift /* Alignment/Aligner.swift */ = {isa = PBXFileReference; lastKnownFileType = sourcecode.swift; path = Alignment/Aligner.swift; sourceTree = "<group>"; };
		__PBXFileRef_Sources/LangKit/Alignment/IBMModel1.swift /* Alignment/IBMModel1.swift */ = {isa = PBXFileReference; lastKnownFileType = sourcecode.swift; path = Alignment/IBMModel1.swift; sourceTree = "<group>"; };
		__PBXFileRef_Sources/LangKit/Alignment/IBMModel2.swift /* Alignment/IBMModel2.swift */ = {isa = PBXFileReference; lastKnownFileType = sourcecode.swift; path = Alignment/IBMModel2.swift; sourceTree = "<group>"; };
		__PBXFileRef_Sources/LangKit/Classification/Classifier.swift /* Classification/Classifier.swift */ = {isa = PBXFileReference; lastKnownFileType = sourcecode.swift; path = Classification/Classifier.swift; sourceTree = "<group>"; };
		__PBXFileRef_Sources/LangKit/Classification/NaiveBayes.swift /* Classification/NaiveBayes.swift */ = {isa = PBXFileReference; lastKnownFileType = sourcecode.swift; path = Classification/NaiveBayes.swift; sourceTree = "<group>"; };
		__PBXFileRef_Sources/LangKit/DataStructures/RedBlackTree.swift /* DataStructures/RedBlackTree.swift */ = {isa = PBXFileReference; lastKnownFileType = sourcecode.swift; path = DataStructures/RedBlackTree.swift; sourceTree = "<group>"; };
		__PBXFileRef_Sources/LangKit/DataStructures/Trie.swift /* DataStructures/Trie.swift */ = {isa = PBXFileReference; lastKnownFileType = sourcecode.swift; path = DataStructures/Trie.swift; sourceTree = "<group>"; };
		__PBXFileRef_Sources/LangKit/LanguageModeling/LanguageModel.swift /* LanguageModeling/LanguageModel.swift */ = {isa = PBXFileReference; lastKnownFileType = sourcecode.swift; path = LanguageModeling/LanguageModel.swift; sourceTree = "<group>"; };
		__PBXFileRef_Sources/LangKit/LanguageModeling/NgramModel.swift /* LanguageModeling/NgramModel.swift */ = {isa = PBXFileReference; lastKnownFileType = sourcecode.swift; path = LanguageModeling/NgramModel.swift; sourceTree = "<group>"; };
		__PBXFileRef_Sources/LangKit/LanguageModeling/Ngrams.swift /* LanguageModeling/Ngrams.swift */ = {isa = PBXFileReference; lastKnownFileType = sourcecode.swift; path = LanguageModeling/Ngrams.swift; sourceTree = "<group>"; };
		__PBXFileRef_Sources/LangKit/Preprocessing/Preprocessor.swift /* Preprocessing/Preprocessor.swift */ = {isa = PBXFileReference; lastKnownFileType = sourcecode.swift; path = Preprocessing/Preprocessor.swift; sourceTree = "<group>"; };
		__PBXFileRef_Sources/LangKit/SequenceLabeling/HiddenMarkovModel.swift /* SequenceLabeling/HiddenMarkovModel.swift */ = {isa = PBXFileReference; lastKnownFileType = sourcecode.swift; path = SequenceLabeling/HiddenMarkovModel.swift; sourceTree = "<group>"; };
		__PBXFileRef_Sources/LangKit/SequenceLabeling/SequenceLabeler.swift /* SequenceLabeling/SequenceLabeler.swift */ = {isa = PBXFileReference; lastKnownFileType = sourcecode.swift; path = SequenceLabeling/SequenceLabeler.swift; sourceTree = "<group>"; };
		__PBXFileRef_Sources/LangKit/Tokenization/Tokenizer.swift /* Tokenization/Tokenizer.swift */ = {isa = PBXFileReference; lastKnownFileType = sourcecode.swift; path = Tokenization/Tokenizer.swift; sourceTree = "<group>"; };
		__PBXFileRef_Sources/LangKitDemo/Demo.swift /* Demo.swift */ = {isa = PBXFileReference; lastKnownFileType = sourcecode.swift; path = Demo.swift; sourceTree = "<group>"; };
		__PBXFileRef_Sources/LangKitDemo/IBMModelDemo.swift /* IBMModelDemo.swift */ = {isa = PBXFileReference; lastKnownFileType = sourcecode.swift; path = IBMModelDemo.swift; sourceTree = "<group>"; };
		__PBXFileRef_Sources/LangKitDemo/LanguageIDDemo.swift /* LanguageIDDemo.swift */ = {isa = PBXFileReference; lastKnownFileType = sourcecode.swift; path = LanguageIDDemo.swift; sourceTree = "<group>"; };
		__PBXFileRef_Sources/LangKitDemo/TrieDemo.swift /* TrieDemo.swift */ = {isa = PBXFileReference; lastKnownFileType = sourcecode.swift; path = TrieDemo.swift; sourceTree = "<group>"; };
		__PBXFileRef_Sources/LangKitDemo/main.swift /* main.swift */ = {isa = PBXFileReference; lastKnownFileType = sourcecode.swift; path = main.swift; sourceTree = "<group>"; };
		__PBXFileRef_Tests/LangKit/AlignmentTests.swift /* AlignmentTests.swift */ = {isa = PBXFileReference; lastKnownFileType = sourcecode.swift; path = AlignmentTests.swift; sourceTree = "<group>"; };
		__PBXFileRef_Tests/LangKit/ClassificationTests.swift /* ClassificationTests.swift */ = {isa = PBXFileReference; lastKnownFileType = sourcecode.swift; path = ClassificationTests.swift; sourceTree = "<group>"; };
		__PBXFileRef_Tests/LangKit/NaiveBayesTests.swift /* NaiveBayesTests.swift */ = {isa = PBXFileReference; lastKnownFileType = sourcecode.swift; path = NaiveBayesTests.swift; sourceTree = "<group>"; };
		__PBXFileRef_Tests/LangKit/NgramModelTests.swift /* NgramModelTests.swift */ = {isa = PBXFileReference; lastKnownFileType = sourcecode.swift; path = NgramModelTests.swift; sourceTree = "<group>"; };
		__PBXFileRef_Tests/LangKit/SequenceLabelingTests.swift /* SequenceLabelingTests.swift */ = {isa = PBXFileReference; lastKnownFileType = sourcecode.swift; path = SequenceLabelingTests.swift; sourceTree = "<group>"; };
		__PBXFileRef_Tests/LangKit/TokenizationTests.swift /* TokenizationTests.swift */ = {isa = PBXFileReference; lastKnownFileType = sourcecode.swift; path = TokenizationTests.swift; sourceTree = "<group>"; };
		__PBXFileRef_Tests/LangKit/TrieTests.swift /* TrieTests.swift */ = {isa = PBXFileReference; lastKnownFileType = sourcecode.swift; path = TrieTests.swift; sourceTree = "<group>"; };
		"_____Product_CommandLine" /* libCommandLine.dylib */ = {isa = PBXFileReference; explicitFileType = "compiled.mach-o.dylib"; path = libCommandLine.dylib; sourceTree = BUILT_PRODUCTS_DIR; };
		"_____Product_CommandLineTestSuite" /* CommandLineTestSuite.xctest */ = {isa = PBXFileReference; lastKnownFileType = file; name = CommandLineTestSuite.xctest; path = CommandLine.testsuite.xctest; sourceTree = BUILT_PRODUCTS_DIR; };
		"_____Product_HelpersTestSuite" /* HelpersTestSuite.xctest */ = {isa = PBXFileReference; lastKnownFileType = file; name = HelpersTestSuite.xctest; path = Helpers.testsuite.xctest; sourceTree = BUILT_PRODUCTS_DIR; };
		"_____Product_LangKit" /* libLangKit.dylib */ = {isa = PBXFileReference; explicitFileType = "compiled.mach-o.dylib"; path = libLangKit.dylib; sourceTree = BUILT_PRODUCTS_DIR; };
		"_____Product_LangKitDemo" /* LangKitDemo */ = {isa = PBXFileReference; explicitFileType = "compiled.mach-o.executable"; path = LangKitDemo; sourceTree = BUILT_PRODUCTS_DIR; };
		"_____Product_LangKitTestSuite" /* LangKitTestSuite.xctest */ = {isa = PBXFileReference; lastKnownFileType = file; name = LangKitTestSuite.xctest; path = LangKit.testsuite.xctest; sourceTree = BUILT_PRODUCTS_DIR; };
		"_____Product_RedBlackTree" /* libRedBlackTree.dylib */ = {isa = PBXFileReference; explicitFileType = "compiled.mach-o.dylib"; path = libRedBlackTree.dylib; sourceTree = BUILT_PRODUCTS_DIR; };
/* End PBXFileReference section */

/* Begin PBXFrameworksBuildPhase section */
		"___LinkPhase_CommandLine" /* Frameworks */ = {
			isa = PBXFrameworksBuildPhase;
			buildActionMask = 0;
			files = (
			);
			runOnlyForDeploymentPostprocessing = 0;
		};
		"___LinkPhase_CommandLineTestSuite" /* Frameworks */ = {
			isa = PBXFrameworksBuildPhase;
			buildActionMask = 0;
			files = (
				_LinkFileRef_CommandLine /* libCommandLine.dylib in Frameworks */,
			);
			runOnlyForDeploymentPostprocessing = 0;
		};
		"___LinkPhase_HelpersTestSuite" /* Frameworks */ = {
			isa = PBXFrameworksBuildPhase;
			buildActionMask = 0;
			files = (
			);
			runOnlyForDeploymentPostprocessing = 0;
		};
		"___LinkPhase_LangKit" /* Frameworks */ = {
			isa = PBXFrameworksBuildPhase;
			buildActionMask = 0;
			files = (
				_LinkFileRef_RedBlackTree /* libRedBlackTree.dylib in Frameworks */,
				293BAB851CBB868A00FAEE12 /* libCommandLine.dylib in Frameworks */,
			);
			runOnlyForDeploymentPostprocessing = 0;
		};
		"___LinkPhase_LangKitDemo" /* Frameworks */ = {
			isa = PBXFrameworksBuildPhase;
			buildActionMask = 0;
			files = (
				293BAB861CBB868A00FAEE12 /* libRedBlackTree.dylib in Frameworks */,
				293BAB871CBB868A00FAEE12 /* libCommandLine.dylib in Frameworks */,
				_LinkFileRef_LangKit /* libLangKit.dylib in Frameworks */,
			);
			runOnlyForDeploymentPostprocessing = 0;
		};
		"___LinkPhase_LangKitTestSuite" /* Frameworks */ = {
			isa = PBXFrameworksBuildPhase;
			buildActionMask = 0;
			files = (
				293BAB881CBB868A00FAEE12 /* libRedBlackTree.dylib in Frameworks */,
				293BAB891CBB868A00FAEE12 /* libCommandLine.dylib in Frameworks */,
				293BAB8A1CBB868A00FAEE12 /* libLangKit.dylib in Frameworks */,
			);
			runOnlyForDeploymentPostprocessing = 0;
		};
		"___LinkPhase_RedBlackTree" /* Frameworks */ = {
			isa = PBXFrameworksBuildPhase;
			buildActionMask = 0;
			files = (
			);
			runOnlyForDeploymentPostprocessing = 0;
		};
/* End PBXFrameworksBuildPhase section */

/* Begin PBXGroup section */
		TestProducts_ /* Tests */ = {
			isa = PBXGroup;
			children = (
				"_____Product_CommandLineTestSuite" /* CommandLineTestSuite.xctest */,
				"_____Product_HelpersTestSuite" /* HelpersTestSuite.xctest */,
				"_____Product_LangKitTestSuite" /* LangKitTestSuite.xctest */,
			);
			name = Tests;
			sourceTree = "<group>";
		};
		"___RootGroup_" = {
			isa = PBXGroup;
			children = (
				__PBXFileRef_Package.swift /* Package.swift */,
				"_____Sources_" /* Sources */,
				"_______Tests_" /* Tests */,
				"____Products_" /* Products */,
			);
			sourceTree = "<group>";
		};
		"____Products_" /* Products */ = {
			isa = PBXGroup;
			children = (
				TestProducts_ /* Tests */,
				"_____Product_CommandLine" /* libCommandLine.dylib */,
				"_____Product_RedBlackTree" /* libRedBlackTree.dylib */,
				"_____Product_LangKit" /* libLangKit.dylib */,
				"_____Product_LangKitDemo" /* LangKitDemo */,
			);
			name = Products;
			sourceTree = "<group>";
		};
		"_____Sources_" /* Sources */ = {
			isa = PBXGroup;
			children = (
				"_______Group_CommandLine" /* CommandLine */,
				"_______Group_RedBlackTree" /* RedBlackTree */,
				"_______Group_LangKit" /* LangKit */,
				"_______Group_LangKitDemo" /* LangKitDemo */,
			);
			name = Sources;
			sourceTree = "<group>";
		};
		"_______Group_CommandLine" /* CommandLine */ = {
			isa = PBXGroup;
			children = (
				"__PBXFileRef_Packages/CommandLine-2.2.1-pre1/CommandLine/CommandLine.swift" /* CommandLine.swift */,
				"__PBXFileRef_Packages/CommandLine-2.2.1-pre1/CommandLine/Option.swift" /* Option.swift */,
				"__PBXFileRef_Packages/CommandLine-2.2.1-pre1/CommandLine/StringExtensions.swift" /* StringExtensions.swift */,
			);
			name = CommandLine;
			path = "Packages/CommandLine-2.2.1-pre1/CommandLine";
			sourceTree = "<group>";
		};
		"_______Group_CommandLineTestSuite" /* CommandLine.testsuite */ = {
			isa = PBXGroup;
			children = (
				"__PBXFileRef_Packages/CommandLine-2.2.1-pre1/Tests/CommandLine/CommandLineTests.swift" /* CommandLineTests.swift */,
				"__PBXFileRef_Packages/CommandLine-2.2.1-pre1/Tests/CommandLine/StringExtensionTests.swift" /* StringExtensionTests.swift */,
			);
			name = CommandLine.testsuite;
			path = "Packages/CommandLine-2.2.1-pre1/Tests/CommandLine";
			sourceTree = "<group>";
		};
		"_______Group_HelpersTestSuite" /* Helpers.testsuite */ = {
			isa = PBXGroup;
			children = (
				"__PBXFileRef_Packages/RedBlackTree-0.1.0/Tests/Helpers/Permutations.swift" /* Permutations.swift */,
				"__PBXFileRef_Packages/RedBlackTree-0.1.0/Tests/Helpers/PermutationTests.swift" /* PermutationTests.swift */,
				"__PBXFileRef_Packages/RedBlackTree-0.1.0/Tests/Helpers/Random.swift" /* Random.swift */,
				"__PBXFileRef_Packages/RedBlackTree-0.1.0/Tests/Helpers/String Manipulation.swift" /* String Manipulation.swift */,
				"__PBXFileRef_Packages/RedBlackTree-0.1.0/Tests/Helpers/XCTest extensions.swift" /* XCTest extensions.swift */,
			);
			name = Helpers.testsuite;
			path = "Packages/RedBlackTree-0.1.0/Tests/Helpers";
			sourceTree = "<group>";
		};
		"_______Group_LangKit" /* LangKit */ = {
			isa = PBXGroup;
			children = (
				__PBXFileRef_Sources/LangKit/Alignment/Aligner.swift /* Alignment/Aligner.swift */,
				__PBXFileRef_Sources/LangKit/Alignment/IBMModel1.swift /* Alignment/IBMModel1.swift */,
				__PBXFileRef_Sources/LangKit/Alignment/IBMModel2.swift /* Alignment/IBMModel2.swift */,
				__PBXFileRef_Sources/LangKit/Classification/Classifier.swift /* Classification/Classifier.swift */,
				__PBXFileRef_Sources/LangKit/Classification/NaiveBayes.swift /* Classification/NaiveBayes.swift */,
				__PBXFileRef_Sources/LangKit/DataStructures/RedBlackTree.swift /* DataStructures/RedBlackTree.swift */,
				__PBXFileRef_Sources/LangKit/DataStructures/Trie.swift /* DataStructures/Trie.swift */,
				__PBXFileRef_Sources/LangKit/LanguageModeling/LanguageModel.swift /* LanguageModeling/LanguageModel.swift */,
				__PBXFileRef_Sources/LangKit/LanguageModeling/NgramModel.swift /* LanguageModeling/NgramModel.swift */,
				__PBXFileRef_Sources/LangKit/LanguageModeling/Ngrams.swift /* LanguageModeling/Ngrams.swift */,
				__PBXFileRef_Sources/LangKit/Preprocessing/Preprocessor.swift /* Preprocessing/Preprocessor.swift */,
				__PBXFileRef_Sources/LangKit/SequenceLabeling/HiddenMarkovModel.swift /* SequenceLabeling/HiddenMarkovModel.swift */,
				__PBXFileRef_Sources/LangKit/SequenceLabeling/SequenceLabeler.swift /* SequenceLabeling/SequenceLabeler.swift */,
				__PBXFileRef_Sources/LangKit/Tokenization/Tokenizer.swift /* Tokenization/Tokenizer.swift */,
			);
			name = LangKit;
			path = Sources/LangKit;
			sourceTree = "<group>";
		};
		"_______Group_LangKitDemo" /* LangKitDemo */ = {
			isa = PBXGroup;
			children = (
				__PBXFileRef_Sources/LangKitDemo/Demo.swift /* Demo.swift */,
				__PBXFileRef_Sources/LangKitDemo/IBMModelDemo.swift /* IBMModelDemo.swift */,
				__PBXFileRef_Sources/LangKitDemo/LanguageIDDemo.swift /* LanguageIDDemo.swift */,
				__PBXFileRef_Sources/LangKitDemo/main.swift /* main.swift */,
				__PBXFileRef_Sources/LangKitDemo/TrieDemo.swift /* TrieDemo.swift */,
			);
			name = LangKitDemo;
			path = Sources/LangKitDemo;
			sourceTree = "<group>";
		};
		"_______Group_LangKitTestSuite" /* LangKit.testsuite */ = {
			isa = PBXGroup;
			children = (
				__PBXFileRef_Tests/LangKit/AlignmentTests.swift /* AlignmentTests.swift */,
				__PBXFileRef_Tests/LangKit/ClassificationTests.swift /* ClassificationTests.swift */,
				__PBXFileRef_Tests/LangKit/NaiveBayesTests.swift /* NaiveBayesTests.swift */,
				__PBXFileRef_Tests/LangKit/NgramModelTests.swift /* NgramModelTests.swift */,
				__PBXFileRef_Tests/LangKit/SequenceLabelingTests.swift /* SequenceLabelingTests.swift */,
				__PBXFileRef_Tests/LangKit/TokenizationTests.swift /* TokenizationTests.swift */,
				__PBXFileRef_Tests/LangKit/TrieTests.swift /* TrieTests.swift */,
			);
			name = LangKit.testsuite;
			path = Tests/LangKit;
			sourceTree = "<group>";
		};
		"_______Group_RedBlackTree" /* RedBlackTree */ = {
			isa = PBXGroup;
			children = (
				"__PBXFileRef_Packages/RedBlackTree-0.1.0/Sources/RedBlackKey.swift" /* RedBlackKey.swift */,
				"__PBXFileRef_Packages/RedBlackTree-0.1.0/Sources/RedBlackTree descriptions.swift" /* RedBlackTree descriptions.swift */,
				"__PBXFileRef_Packages/RedBlackTree-0.1.0/Sources/RedBlackTree.swift" /* RedBlackTree.swift */,
				"__PBXFileRef_Packages/RedBlackTree-0.1.0/Sources/Summary.swift" /* Summary.swift */,
			);
			name = RedBlackTree;
			path = "Packages/RedBlackTree-0.1.0/Sources";
			sourceTree = "<group>";
		};
		"_______Tests_" /* Tests */ = {
			isa = PBXGroup;
			children = (
				"_______Group_CommandLineTestSuite" /* CommandLine.testsuite */,
				"_______Group_HelpersTestSuite" /* Helpers.testsuite */,
				"_______Group_LangKitTestSuite" /* LangKit.testsuite */,
			);
			name = Tests;
			sourceTree = "<group>";
		};
/* End PBXGroup section */

/* Begin PBXNativeTarget section */
		"______Target_CommandLine" /* CommandLine */ = {
			isa = PBXNativeTarget;
			buildConfigurationList = "_______Confs_CommandLine" /* Build configuration list for PBXNativeTarget "CommandLine" */;
			buildPhases = (
				CompilePhase_CommandLine /* Sources */,
				"___LinkPhase_CommandLine" /* Frameworks */,
			);
			buildRules = (
			);
			dependencies = (
			);
			name = CommandLine;
			productName = CommandLine;
			productReference = "_____Product_CommandLine" /* libCommandLine.dylib */;
			productType = "com.apple.product-type.library.dynamic";
		};
		"______Target_CommandLineTestSuite" /* CommandLine.testsuite */ = {
			isa = PBXNativeTarget;
			buildConfigurationList = "_______Confs_CommandLineTestSuite" /* Build configuration list for PBXNativeTarget "CommandLine.testsuite" */;
			buildPhases = (
				CompilePhase_CommandLineTestSuite /* Sources */,
				"___LinkPhase_CommandLineTestSuite" /* Frameworks */,
			);
			buildRules = (
			);
			dependencies = (
				__Dependency_CommandLine /* PBXTargetDependency */,
			);
			name = CommandLine.testsuite;
			productName = CommandLineTestSuite;
			productReference = "_____Product_CommandLineTestSuite" /* CommandLineTestSuite.xctest */;
			productType = "com.apple.product-type.bundle.unit-test";
		};
		"______Target_HelpersTestSuite" /* Helpers.testsuite */ = {
			isa = PBXNativeTarget;
			buildConfigurationList = "_______Confs_HelpersTestSuite" /* Build configuration list for PBXNativeTarget "Helpers.testsuite" */;
			buildPhases = (
				CompilePhase_HelpersTestSuite /* Sources */,
				"___LinkPhase_HelpersTestSuite" /* Frameworks */,
			);
			buildRules = (
			);
			dependencies = (
			);
			name = Helpers.testsuite;
			productName = HelpersTestSuite;
			productReference = "_____Product_HelpersTestSuite" /* HelpersTestSuite.xctest */;
			productType = "com.apple.product-type.bundle.unit-test";
		};
		"______Target_LangKit" /* LangKit */ = {
			isa = PBXNativeTarget;
			buildConfigurationList = "_______Confs_LangKit" /* Build configuration list for PBXNativeTarget "LangKit" */;
			buildPhases = (
				CompilePhase_LangKit /* Sources */,
				"___LinkPhase_LangKit" /* Frameworks */,
			);
			buildRules = (
			);
			dependencies = (
				__Dependency_RedBlackTree /* PBXTargetDependency */,
				__Dependency_CommandLine /* PBXTargetDependency */,
			);
			name = LangKit;
			productName = LangKit;
			productReference = "_____Product_LangKit" /* libLangKit.dylib */;
			productType = "com.apple.product-type.library.dynamic";
		};
		"______Target_LangKitDemo" /* LangKitDemo */ = {
			isa = PBXNativeTarget;
			buildConfigurationList = "_______Confs_LangKitDemo" /* Build configuration list for PBXNativeTarget "LangKitDemo" */;
			buildPhases = (
				CompilePhase_LangKitDemo /* Sources */,
				"___LinkPhase_LangKitDemo" /* Frameworks */,
			);
			buildRules = (
			);
			dependencies = (
				__Dependency_RedBlackTree /* PBXTargetDependency */,
				__Dependency_CommandLine /* PBXTargetDependency */,
				__Dependency_LangKit /* PBXTargetDependency */,
			);
			name = LangKitDemo;
			productName = LangKitDemo;
			productReference = "_____Product_LangKitDemo" /* LangKitDemo */;
			productType = "com.apple.product-type.tool";
		};
		"______Target_LangKitTestSuite" /* LangKit.testsuite */ = {
			isa = PBXNativeTarget;
			buildConfigurationList = "_______Confs_LangKitTestSuite" /* Build configuration list for PBXNativeTarget "LangKit.testsuite" */;
			buildPhases = (
				CompilePhase_LangKitTestSuite /* Sources */,
				"___LinkPhase_LangKitTestSuite" /* Frameworks */,
			);
			buildRules = (
			);
			dependencies = (
				__Dependency_RedBlackTree /* PBXTargetDependency */,
				__Dependency_CommandLine /* PBXTargetDependency */,
				__Dependency_LangKit /* PBXTargetDependency */,
			);
			name = LangKit.testsuite;
			productName = LangKitTestSuite;
			productReference = "_____Product_LangKitTestSuite" /* LangKitTestSuite.xctest */;
			productType = "com.apple.product-type.bundle.unit-test";
		};
		"______Target_RedBlackTree" /* RedBlackTree */ = {
			isa = PBXNativeTarget;
			buildConfigurationList = "_______Confs_RedBlackTree" /* Build configuration list for PBXNativeTarget "RedBlackTree" */;
			buildPhases = (
				CompilePhase_RedBlackTree /* Sources */,
				"___LinkPhase_RedBlackTree" /* Frameworks */,
			);
			buildRules = (
			);
			dependencies = (
			);
			name = RedBlackTree;
			productName = RedBlackTree;
			productReference = "_____Product_RedBlackTree" /* libRedBlackTree.dylib */;
			productType = "com.apple.product-type.library.dynamic";
		};
/* End PBXNativeTarget section */

/* Begin PBXProject section */
		__RootObject_ /* Project object */ = {
			isa = PBXProject;
			attributes = {
				LastUpgradeCheck = 9999;
			};
			buildConfigurationList = "___RootConfs_" /* Build configuration list for PBXProject "LangKit" */;
			compatibilityVersion = "Xcode 3.2";
			developmentRegion = English;
			hasScannedForEncodings = 0;
			knownRegions = (
				en,
			);
			mainGroup = "___RootGroup_";
			productRefGroup = "____Products_" /* Products */;
			projectDirPath = "";
			projectRoot = "";
			targets = (
				"______Target_CommandLine" /* CommandLine */,
				"______Target_CommandLineTestSuite" /* CommandLine.testsuite */,
				"______Target_RedBlackTree" /* RedBlackTree */,
				"______Target_HelpersTestSuite" /* Helpers.testsuite */,
				"______Target_LangKit" /* LangKit */,
				"______Target_LangKitDemo" /* LangKitDemo */,
				"______Target_LangKitTestSuite" /* LangKit.testsuite */,
			);
		};
/* End PBXProject section */

/* Begin PBXSourcesBuildPhase section */
		CompilePhase_CommandLine /* Sources */ = {
			isa = PBXSourcesBuildPhase;
			buildActionMask = 0;
			files = (
				"__src_cc_ref_Packages/CommandLine-2.2.1-pre1/CommandLine/CommandLine.swift" /* CommandLine.swift in Sources */,
				"__src_cc_ref_Packages/CommandLine-2.2.1-pre1/CommandLine/Option.swift" /* Option.swift in Sources */,
				"__src_cc_ref_Packages/CommandLine-2.2.1-pre1/CommandLine/StringExtensions.swift" /* StringExtensions.swift in Sources */,
			);
			runOnlyForDeploymentPostprocessing = 0;
		};
		CompilePhase_CommandLineTestSuite /* Sources */ = {
			isa = PBXSourcesBuildPhase;
			buildActionMask = 0;
			files = (
				"__src_cc_ref_Packages/CommandLine-2.2.1-pre1/Tests/CommandLine/CommandLineTests.swift" /* CommandLineTests.swift in Sources */,
				"__src_cc_ref_Packages/CommandLine-2.2.1-pre1/Tests/CommandLine/StringExtensionTests.swift" /* StringExtensionTests.swift in Sources */,
			);
			runOnlyForDeploymentPostprocessing = 0;
		};
		CompilePhase_HelpersTestSuite /* Sources */ = {
			isa = PBXSourcesBuildPhase;
			buildActionMask = 0;
			files = (
				"__src_cc_ref_Packages/RedBlackTree-0.1.0/Tests/Helpers/Permutations.swift" /* Permutations.swift in Sources */,
				"__src_cc_ref_Packages/RedBlackTree-0.1.0/Tests/Helpers/PermutationTests.swift" /* PermutationTests.swift in Sources */,
				"__src_cc_ref_Packages/RedBlackTree-0.1.0/Tests/Helpers/Random.swift" /* Random.swift in Sources */,
				"__src_cc_ref_Packages/RedBlackTree-0.1.0/Tests/Helpers/String Manipulation.swift" /* String Manipulation.swift in Sources */,
				"__src_cc_ref_Packages/RedBlackTree-0.1.0/Tests/Helpers/XCTest extensions.swift" /* XCTest extensions.swift in Sources */,
			);
			runOnlyForDeploymentPostprocessing = 0;
		};
		CompilePhase_LangKit /* Sources */ = {
			isa = PBXSourcesBuildPhase;
			buildActionMask = 0;
			files = (
				__src_cc_ref_Sources/LangKit/Alignment/Aligner.swift /* Alignment/Aligner.swift in Sources */,
				__src_cc_ref_Sources/LangKit/Alignment/IBMModel1.swift /* Alignment/IBMModel1.swift in Sources */,
				__src_cc_ref_Sources/LangKit/Alignment/IBMModel2.swift /* Alignment/IBMModel2.swift in Sources */,
				__src_cc_ref_Sources/LangKit/Classification/Classifier.swift /* Classification/Classifier.swift in Sources */,
				__src_cc_ref_Sources/LangKit/Classification/NaiveBayes.swift /* Classification/NaiveBayes.swift in Sources */,
				__src_cc_ref_Sources/LangKit/DataStructures/RedBlackTree.swift /* DataStructures/RedBlackTree.swift in Sources */,
				__src_cc_ref_Sources/LangKit/DataStructures/Trie.swift /* DataStructures/Trie.swift in Sources */,
				__src_cc_ref_Sources/LangKit/LanguageModeling/LanguageModel.swift /* LanguageModeling/LanguageModel.swift in Sources */,
				__src_cc_ref_Sources/LangKit/LanguageModeling/NgramModel.swift /* LanguageModeling/NgramModel.swift in Sources */,
				__src_cc_ref_Sources/LangKit/LanguageModeling/Ngrams.swift /* LanguageModeling/Ngrams.swift in Sources */,
				__src_cc_ref_Sources/LangKit/Preprocessing/Preprocessor.swift /* Preprocessing/Preprocessor.swift in Sources */,
				__src_cc_ref_Sources/LangKit/SequenceLabeling/HiddenMarkovModel.swift /* SequenceLabeling/HiddenMarkovModel.swift in Sources */,
				__src_cc_ref_Sources/LangKit/SequenceLabeling/SequenceLabeler.swift /* SequenceLabeling/SequenceLabeler.swift in Sources */,
				__src_cc_ref_Sources/LangKit/Tokenization/Tokenizer.swift /* Tokenization/Tokenizer.swift in Sources */,
			);
			runOnlyForDeploymentPostprocessing = 0;
		};
		CompilePhase_LangKitDemo /* Sources */ = {
			isa = PBXSourcesBuildPhase;
			buildActionMask = 0;
			files = (
				__src_cc_ref_Sources/LangKitDemo/Demo.swift /* Demo.swift in Sources */,
				__src_cc_ref_Sources/LangKitDemo/IBMModelDemo.swift /* IBMModelDemo.swift in Sources */,
				__src_cc_ref_Sources/LangKitDemo/LanguageIDDemo.swift /* LanguageIDDemo.swift in Sources */,
				__src_cc_ref_Sources/LangKitDemo/main.swift /* main.swift in Sources */,
				__src_cc_ref_Sources/LangKitDemo/TrieDemo.swift /* TrieDemo.swift in Sources */,
			);
			runOnlyForDeploymentPostprocessing = 0;
		};
		CompilePhase_LangKitTestSuite /* Sources */ = {
			isa = PBXSourcesBuildPhase;
			buildActionMask = 0;
			files = (
				__src_cc_ref_Tests/LangKit/AlignmentTests.swift /* AlignmentTests.swift in Sources */,
				__src_cc_ref_Tests/LangKit/ClassificationTests.swift /* ClassificationTests.swift in Sources */,
				__src_cc_ref_Tests/LangKit/NaiveBayesTests.swift /* NaiveBayesTests.swift in Sources */,
				__src_cc_ref_Tests/LangKit/NgramModelTests.swift /* NgramModelTests.swift in Sources */,
				__src_cc_ref_Tests/LangKit/SequenceLabelingTests.swift /* SequenceLabelingTests.swift in Sources */,
				__src_cc_ref_Tests/LangKit/TokenizationTests.swift /* TokenizationTests.swift in Sources */,
				__src_cc_ref_Tests/LangKit/TrieTests.swift /* TrieTests.swift in Sources */,
			);
			runOnlyForDeploymentPostprocessing = 0;
		};
		CompilePhase_RedBlackTree /* Sources */ = {
			isa = PBXSourcesBuildPhase;
			buildActionMask = 0;
			files = (
				"__src_cc_ref_Packages/RedBlackTree-0.1.0/Sources/RedBlackKey.swift" /* RedBlackKey.swift in Sources */,
				"__src_cc_ref_Packages/RedBlackTree-0.1.0/Sources/RedBlackTree descriptions.swift" /* RedBlackTree descriptions.swift in Sources */,
				"__src_cc_ref_Packages/RedBlackTree-0.1.0/Sources/RedBlackTree.swift" /* RedBlackTree.swift in Sources */,
				"__src_cc_ref_Packages/RedBlackTree-0.1.0/Sources/Summary.swift" /* Summary.swift in Sources */,
			);
			runOnlyForDeploymentPostprocessing = 0;
		};
/* End PBXSourcesBuildPhase section */

/* Begin PBXTargetDependency section */
		__Dependency_CommandLine /* PBXTargetDependency */ = {
			isa = PBXTargetDependency;
			target = "______Target_CommandLine" /* CommandLine */;
			targetProxy = 293BAB8C1CBB868A00FAEE12 /* PBXContainerItemProxy */;
		};
		__Dependency_LangKit /* PBXTargetDependency */ = {
			isa = PBXTargetDependency;
			target = "______Target_LangKit" /* LangKit */;
			targetProxy = 293BAB8D1CBB868A00FAEE12 /* PBXContainerItemProxy */;
		};
		__Dependency_RedBlackTree /* PBXTargetDependency */ = {
			isa = PBXTargetDependency;
			target = "______Target_RedBlackTree" /* RedBlackTree */;
			targetProxy = 293BAB8B1CBB868A00FAEE12 /* PBXContainerItemProxy */;
		};
/* End PBXTargetDependency section */

/* Begin XCBuildConfiguration section */
		_ReleaseConf_CommandLine /* Release */ = {
			isa = XCBuildConfiguration;
			buildSettings = {
				COMBINE_HIDPI_IMAGES = YES;
				DYLIB_INSTALL_NAME_BASE = "$(CONFIGURATION_BUILD_DIR)";
				ENABLE_TESTABILITY = YES;
				LD_RUNPATH_SEARCH_PATHS = "$(TOOLCHAIN_DIR)/usr/lib/swift/macosx";
				MACOSX_DEPLOYMENT_TARGET = 10.10;
				OTHER_SWIFT_FLAGS = "-DXcode";
				PRODUCT_MODULE_NAME = CommandLine;
				PRODUCT_NAME = "lib$(TARGET_NAME)";
			};
			name = Release;
		};
		_ReleaseConf_CommandLineTestSuite /* Release */ = {
			isa = XCBuildConfiguration;
			buildSettings = {
				COMBINE_HIDPI_IMAGES = YES;
				EMBEDDED_CONTENT_CONTAINS_SWIFT = YES;
				LD_RUNPATH_SEARCH_PATHS = "@loader_path/../Frameworks";
				MACOSX_DEPLOYMENT_TARGET = 10.10;
				OTHER_SWIFT_FLAGS = "-DXcode";
				PRODUCT_MODULE_NAME = CommandLineTestSuite;
				PRODUCT_NAME = "$(TARGET_NAME)";
			};
			name = Release;
		};
		_ReleaseConf_HelpersTestSuite /* Release */ = {
			isa = XCBuildConfiguration;
			buildSettings = {
				COMBINE_HIDPI_IMAGES = YES;
				EMBEDDED_CONTENT_CONTAINS_SWIFT = YES;
				LD_RUNPATH_SEARCH_PATHS = "@loader_path/../Frameworks";
				MACOSX_DEPLOYMENT_TARGET = 10.10;
				OTHER_SWIFT_FLAGS = "-DXcode";
				PRODUCT_MODULE_NAME = HelpersTestSuite;
				PRODUCT_NAME = "$(TARGET_NAME)";
			};
			name = Release;
		};
		_ReleaseConf_LangKit /* Release */ = {
			isa = XCBuildConfiguration;
			buildSettings = {
				COMBINE_HIDPI_IMAGES = YES;
				DYLIB_INSTALL_NAME_BASE = "$(CONFIGURATION_BUILD_DIR)";
				ENABLE_TESTABILITY = YES;
				LD_RUNPATH_SEARCH_PATHS = "$(TOOLCHAIN_DIR)/usr/lib/swift/macosx";
				MACOSX_DEPLOYMENT_TARGET = 10.10;
				OTHER_SWIFT_FLAGS = "-DXcode";
				PRODUCT_MODULE_NAME = LangKit;
				PRODUCT_NAME = "lib$(TARGET_NAME)";
			};
			name = Release;
		};
		_ReleaseConf_LangKitDemo /* Release */ = {
			isa = XCBuildConfiguration;
			buildSettings = {
				COMBINE_HIDPI_IMAGES = YES;
				LD_RUNPATH_SEARCH_PATHS = "$(TOOLCHAIN_DIR)/usr/lib/swift/macosx";
				MACOSX_DEPLOYMENT_TARGET = 10.10;
				OTHER_SWIFT_FLAGS = "-DXcode";
				PRODUCT_MODULE_NAME = LangKitDemo;
				PRODUCT_NAME = "$(TARGET_NAME)";
				SWIFT_FORCE_DYNAMIC_LINK_STDLIB = YES;
				SWIFT_FORCE_STATIC_LINK_STDLIB = NO;
			};
			name = Release;
		};
		_ReleaseConf_LangKitTestSuite /* Release */ = {
			isa = XCBuildConfiguration;
			buildSettings = {
				COMBINE_HIDPI_IMAGES = YES;
				EMBEDDED_CONTENT_CONTAINS_SWIFT = YES;
				LD_RUNPATH_SEARCH_PATHS = "@loader_path/../Frameworks";
				MACOSX_DEPLOYMENT_TARGET = 10.10;
				OTHER_SWIFT_FLAGS = "-DXcode";
				PRODUCT_MODULE_NAME = LangKitTestSuite;
				PRODUCT_NAME = "$(TARGET_NAME)";
			};
			name = Release;
		};
		_ReleaseConf_RedBlackTree /* Release */ = {
			isa = XCBuildConfiguration;
			buildSettings = {
				COMBINE_HIDPI_IMAGES = YES;
				DYLIB_INSTALL_NAME_BASE = "$(CONFIGURATION_BUILD_DIR)";
				ENABLE_TESTABILITY = YES;
				LD_RUNPATH_SEARCH_PATHS = "$(TOOLCHAIN_DIR)/usr/lib/swift/macosx";
				MACOSX_DEPLOYMENT_TARGET = 10.10;
				OTHER_SWIFT_FLAGS = "-DXcode";
				PRODUCT_MODULE_NAME = RedBlackTree;
				PRODUCT_NAME = "lib$(TARGET_NAME)";
			};
			name = Release;
		};
		"___DebugConf_CommandLine" /* Debug */ = {
			isa = XCBuildConfiguration;
			buildSettings = {
				COMBINE_HIDPI_IMAGES = YES;
				DYLIB_INSTALL_NAME_BASE = "$(CONFIGURATION_BUILD_DIR)";
				ENABLE_TESTABILITY = YES;
				LD_RUNPATH_SEARCH_PATHS = "$(TOOLCHAIN_DIR)/usr/lib/swift/macosx";
				MACOSX_DEPLOYMENT_TARGET = 10.10;
				OTHER_SWIFT_FLAGS = "-DXcode";
				PRODUCT_MODULE_NAME = CommandLine;
				PRODUCT_NAME = "lib$(TARGET_NAME)";
				SWIFT_OPTIMIZATION_LEVEL = "-Onone";
			};
			name = Debug;
		};
		"___DebugConf_CommandLineTestSuite" /* Debug */ = {
			isa = XCBuildConfiguration;
			buildSettings = {
				COMBINE_HIDPI_IMAGES = YES;
				EMBEDDED_CONTENT_CONTAINS_SWIFT = YES;
				LD_RUNPATH_SEARCH_PATHS = "@loader_path/../Frameworks";
				MACOSX_DEPLOYMENT_TARGET = 10.10;
				OTHER_SWIFT_FLAGS = "-DXcode";
				PRODUCT_MODULE_NAME = CommandLineTestSuite;
				PRODUCT_NAME = "$(TARGET_NAME)";
				SWIFT_OPTIMIZATION_LEVEL = "-Onone";
			};
			name = Debug;
		};
		"___DebugConf_HelpersTestSuite" /* Debug */ = {
			isa = XCBuildConfiguration;
			buildSettings = {
				COMBINE_HIDPI_IMAGES = YES;
				EMBEDDED_CONTENT_CONTAINS_SWIFT = YES;
				LD_RUNPATH_SEARCH_PATHS = "@loader_path/../Frameworks";
				MACOSX_DEPLOYMENT_TARGET = 10.10;
				OTHER_SWIFT_FLAGS = "-DXcode";
				PRODUCT_MODULE_NAME = HelpersTestSuite;
				PRODUCT_NAME = "$(TARGET_NAME)";
				SWIFT_OPTIMIZATION_LEVEL = "-Onone";
			};
			name = Debug;
		};
		"___DebugConf_LangKit" /* Debug */ = {
			isa = XCBuildConfiguration;
			buildSettings = {
				COMBINE_HIDPI_IMAGES = YES;
				DYLIB_INSTALL_NAME_BASE = "$(CONFIGURATION_BUILD_DIR)";
				ENABLE_TESTABILITY = YES;
				LD_RUNPATH_SEARCH_PATHS = "$(TOOLCHAIN_DIR)/usr/lib/swift/macosx";
				MACOSX_DEPLOYMENT_TARGET = 10.10;
				OTHER_SWIFT_FLAGS = "-DXcode";
				PRODUCT_MODULE_NAME = LangKit;
				PRODUCT_NAME = "lib$(TARGET_NAME)";
				SWIFT_OPTIMIZATION_LEVEL = "-Onone";
			};
			name = Debug;
		};
		"___DebugConf_LangKitDemo" /* Debug */ = {
			isa = XCBuildConfiguration;
			buildSettings = {
				COMBINE_HIDPI_IMAGES = YES;
				LD_RUNPATH_SEARCH_PATHS = "$(TOOLCHAIN_DIR)/usr/lib/swift/macosx";
				MACOSX_DEPLOYMENT_TARGET = 10.10;
				OTHER_SWIFT_FLAGS = "-DXcode";
				PRODUCT_MODULE_NAME = LangKitDemo;
				PRODUCT_NAME = "$(TARGET_NAME)";
				SWIFT_FORCE_DYNAMIC_LINK_STDLIB = YES;
				SWIFT_FORCE_STATIC_LINK_STDLIB = NO;
				SWIFT_OPTIMIZATION_LEVEL = "-Onone";
			};
			name = Debug;
		};
		"___DebugConf_LangKitTestSuite" /* Debug */ = {
			isa = XCBuildConfiguration;
			buildSettings = {
				COMBINE_HIDPI_IMAGES = YES;
				EMBEDDED_CONTENT_CONTAINS_SWIFT = YES;
				LD_RUNPATH_SEARCH_PATHS = "@loader_path/../Frameworks";
				MACOSX_DEPLOYMENT_TARGET = 10.10;
				OTHER_SWIFT_FLAGS = "-DXcode";
				PRODUCT_MODULE_NAME = LangKitTestSuite;
				PRODUCT_NAME = "$(TARGET_NAME)";
				SWIFT_OPTIMIZATION_LEVEL = "-Onone";
			};
			name = Debug;
		};
		"___DebugConf_RedBlackTree" /* Debug */ = {
			isa = XCBuildConfiguration;
			buildSettings = {
				COMBINE_HIDPI_IMAGES = YES;
				DYLIB_INSTALL_NAME_BASE = "$(CONFIGURATION_BUILD_DIR)";
				ENABLE_TESTABILITY = YES;
				LD_RUNPATH_SEARCH_PATHS = "$(TOOLCHAIN_DIR)/usr/lib/swift/macosx";
				MACOSX_DEPLOYMENT_TARGET = 10.10;
				OTHER_SWIFT_FLAGS = "-DXcode";
				PRODUCT_MODULE_NAME = RedBlackTree;
				PRODUCT_NAME = "lib$(TARGET_NAME)";
				SWIFT_OPTIMIZATION_LEVEL = "-Onone";
			};
			name = Debug;
		};
		"_____Release_" /* Release */ = {
			isa = XCBuildConfiguration;
			buildSettings = {
			};
			name = Release;
		};
		"_______Debug_" /* Debug */ = {
			isa = XCBuildConfiguration;
			buildSettings = {
			};
			name = Debug;
		};
/* End XCBuildConfiguration section */

/* Begin XCConfigurationList section */
		"___RootConfs_" /* Build configuration list for PBXProject "LangKit" */ = {
			isa = XCConfigurationList;
			buildConfigurations = (
				"_______Debug_" /* Debug */,
				"_____Release_" /* Release */,
			);
			defaultConfigurationIsVisible = 0;
			defaultConfigurationName = Debug;
		};
		"_______Confs_CommandLine" /* Build configuration list for PBXNativeTarget "CommandLine" */ = {
			isa = XCConfigurationList;
			buildConfigurations = (
				"___DebugConf_CommandLine" /* Debug */,
				_ReleaseConf_CommandLine /* Release */,
			);
			defaultConfigurationIsVisible = 0;
			defaultConfigurationName = Debug;
		};
		"_______Confs_CommandLineTestSuite" /* Build configuration list for PBXNativeTarget "CommandLine.testsuite" */ = {
			isa = XCConfigurationList;
			buildConfigurations = (
				"___DebugConf_CommandLineTestSuite" /* Debug */,
				_ReleaseConf_CommandLineTestSuite /* Release */,
			);
			defaultConfigurationIsVisible = 0;
			defaultConfigurationName = Debug;
		};
		"_______Confs_HelpersTestSuite" /* Build configuration list for PBXNativeTarget "Helpers.testsuite" */ = {
			isa = XCConfigurationList;
			buildConfigurations = (
				"___DebugConf_HelpersTestSuite" /* Debug */,
				_ReleaseConf_HelpersTestSuite /* Release */,
			);
			defaultConfigurationIsVisible = 0;
			defaultConfigurationName = Debug;
		};
		"_______Confs_LangKit" /* Build configuration list for PBXNativeTarget "LangKit" */ = {
			isa = XCConfigurationList;
			buildConfigurations = (
				"___DebugConf_LangKit" /* Debug */,
				_ReleaseConf_LangKit /* Release */,
			);
			defaultConfigurationIsVisible = 0;
			defaultConfigurationName = Debug;
		};
		"_______Confs_LangKitDemo" /* Build configuration list for PBXNativeTarget "LangKitDemo" */ = {
			isa = XCConfigurationList;
			buildConfigurations = (
				"___DebugConf_LangKitDemo" /* Debug */,
				_ReleaseConf_LangKitDemo /* Release */,
			);
			defaultConfigurationIsVisible = 0;
			defaultConfigurationName = Debug;
		};
		"_______Confs_LangKitTestSuite" /* Build configuration list for PBXNativeTarget "LangKit.testsuite" */ = {
			isa = XCConfigurationList;
			buildConfigurations = (
				"___DebugConf_LangKitTestSuite" /* Debug */,
				_ReleaseConf_LangKitTestSuite /* Release */,
			);
			defaultConfigurationIsVisible = 0;
			defaultConfigurationName = Debug;
		};
		"_______Confs_RedBlackTree" /* Build configuration list for PBXNativeTarget "RedBlackTree" */ = {
			isa = XCConfigurationList;
			buildConfigurations = (
				"___DebugConf_RedBlackTree" /* Debug */,
				_ReleaseConf_RedBlackTree /* Release */,
			);
			defaultConfigurationIsVisible = 0;
			defaultConfigurationName = Debug;
		};
/* End XCConfigurationList section */
	};
	rootObject = __RootObject_ /* Project object */;
}
